
Microsoft Visual Studio Solution File, Format Version 12.00
# Visual Studio Version 16
VisualStudioVersion = 16.0.29318.209
MinimumVisualStudioVersion = 10.0.40219.1
Project("{FAE04EC0-301F-11D3-BF4B-00C04F79EFBC}") = "Autoverwaltng", "Autoverwaltng.csproj", "{478B0479-85C7-4528-AC66-D9E51A6A1312}"
EndProject
Global
	GlobalSection(SolutionConfigurationPlatforms) = preSolution
		Debug|Any CPU = Debug|Any CPU
		Release|Any CPU = Release|Any CPU
	EndGlobalSection
	GlobalSection(ProjectConfigurationPlatforms) = postSolution
		{478B0479-85C7-4528-AC66-D9E51A6A1312}.Debug|Any CPU.ActiveCfg = Debug|Any CPU
		{478B0479-85C7-4528-AC66-D9E51A6A1312}.Debug|Any CPU.Build.0 = Debug|Any CPU
		{478B0479-85C7-4528-AC66-D9E51A6A1312}.Release|Any CPU.ActiveCfg = Release|Any CPU
		{478B0479-85C7-4528-AC66-D9E51A6A1312}.Release|Any CPU.Build.0 = Release|Any CPU
	EndGlobalSection
	GlobalSection(SolutionProperties) = preSolution
		HideSolutionNode = FALSE
	EndGlobalSection
	GlobalSection(ExtensibilityGlobals) = postSolution
		SolutionGuid = {D8D4AACB-55F5-45EF-A0D6-11234F04F8BD}
	EndGlobalSection
EndGlobal
