
Microsoft Visual Studio Solution File, Format Version 12.00
# Visual Studio Version 16
VisualStudioVersion = 16.0.29215.179
MinimumVisualStudioVersion = 10.0.40219.1
Project("{FAE04EC0-301F-11D3-BF4B-00C04F79EFBC}") = "Zeichen", "Zeichen.csproj", "{08197216-143F-4226-9AFF-6C8781162FC5}"
EndProject
Global
	GlobalSection(SolutionConfigurationPlatforms) = preSolution
		Debug|Any CPU = Debug|Any CPU
		Release|Any CPU = Release|Any CPU
	EndGlobalSection
	GlobalSection(ProjectConfigurationPlatforms) = postSolution
		{08197216-143F-4226-9AFF-6C8781162FC5}.Debug|Any CPU.ActiveCfg = Debug|Any CPU
		{08197216-143F-4226-9AFF-6C8781162FC5}.Debug|Any CPU.Build.0 = Debug|Any CPU
		{08197216-143F-4226-9AFF-6C8781162FC5}.Release|Any CPU.ActiveCfg = Release|Any CPU
		{08197216-143F-4226-9AFF-6C8781162FC5}.Release|Any CPU.Build.0 = Release|Any CPU
	EndGlobalSection
	GlobalSection(SolutionProperties) = preSolution
		HideSolutionNode = FALSE
	EndGlobalSection
	GlobalSection(ExtensibilityGlobals) = postSolution
		SolutionGuid = {D2E8557B-1B4C-428A-AE95-A5A6F63B951C}
	EndGlobalSection
EndGlobal
