
Microsoft Visual Studio Solution File, Format Version 12.00
# Visual Studio Version 16
VisualStudioVersion = 16.0.29215.179
MinimumVisualStudioVersion = 10.0.40219.1
Project("{FAE04EC0-301F-11D3-BF4B-00C04F79EFBC}") = "Beispiel 1", "Beispiel 1\Beispiel 1.csproj", "{E1675C74-A5C8-47B8-9811-D8501BCD5CCF}"
EndProject
Project("{FAE04EC0-301F-11D3-BF4B-00C04F79EFBC}") = "Beispiel 2", "Beispiel 2\Beispiel 2.csproj", "{C2B4207E-D07A-4B09-B35E-82A70CA42AAB}"
EndProject
Global
	GlobalSection(SolutionConfigurationPlatforms) = preSolution
		Debug|Any CPU = Debug|Any CPU
		Release|Any CPU = Release|Any CPU
	EndGlobalSection
	GlobalSection(ProjectConfigurationPlatforms) = postSolution
		{E1675C74-A5C8-47B8-9811-D8501BCD5CCF}.Debug|Any CPU.ActiveCfg = Debug|Any CPU
		{E1675C74-A5C8-47B8-9811-D8501BCD5CCF}.Debug|Any CPU.Build.0 = Debug|Any CPU
		{E1675C74-A5C8-47B8-9811-D8501BCD5CCF}.Release|Any CPU.ActiveCfg = Release|Any CPU
		{E1675C74-A5C8-47B8-9811-D8501BCD5CCF}.Release|Any CPU.Build.0 = Release|Any CPU
		{C2B4207E-D07A-4B09-B35E-82A70CA42AAB}.Debug|Any CPU.ActiveCfg = Debug|Any CPU
		{C2B4207E-D07A-4B09-B35E-82A70CA42AAB}.Debug|Any CPU.Build.0 = Debug|Any CPU
		{C2B4207E-D07A-4B09-B35E-82A70CA42AAB}.Release|Any CPU.ActiveCfg = Release|Any CPU
		{C2B4207E-D07A-4B09-B35E-82A70CA42AAB}.Release|Any CPU.Build.0 = Release|Any CPU
	EndGlobalSection
	GlobalSection(SolutionProperties) = preSolution
		HideSolutionNode = FALSE
	EndGlobalSection
	GlobalSection(ExtensibilityGlobals) = postSolution
		SolutionGuid = {608FB834-9D1B-45F2-9191-7D4E158E8D90}
	EndGlobalSection
EndGlobal
