
Microsoft Visual Studio Solution File, Format Version 12.00
# Visual Studio 15
VisualStudioVersion = 15.0.28010.2019
MinimumVisualStudioVersion = 10.0.40219.1
Project("{FAE04EC0-301F-11D3-BF4B-00C04F79EFBC}") = "Übung 12.12.2018", "Übung 12.12.2018\Übung 12.12.2018.csproj", "{1C022CBD-736C-4224-9C95-13D5E9E0E147}"
EndProject
Project("{FAE04EC0-301F-11D3-BF4B-00C04F79EFBC}") = "SÜ 12.12.2018", "SÜ 12.12.2018\SÜ 12.12.2018.csproj", "{7102663A-DE28-4954-84DA-6709E90D600D}"
EndProject
Project("{FAE04EC0-301F-11D3-BF4B-00C04F79EFBC}") = "Übung 19.12.2018", "Übung 19.12.2018\Übung 19.12.2018.csproj", "{57F8EBD3-E3E6-4288-9968-FFE112AC4208}"
EndProject
Project("{FAE04EC0-301F-11D3-BF4B-00C04F79EFBC}") = "Übung 19.12.2018 V2", "Übung 19.12.2018 V2\Übung 19.12.2018 V2.csproj", "{1C508010-DD60-4B79-834C-ABCBA8896D71}"
EndProject
Project("{FAE04EC0-301F-11D3-BF4B-00C04F79EFBC}") = "Übung 07.01.2019", "Übung 07.01.2019\Übung 07.01.2019.csproj", "{D344D9EB-4CE7-4133-9797-90F6660ED052}"
EndProject
Project("{FAE04EC0-301F-11D3-BF4B-00C04F79EFBC}") = "Übung 9.01.2019", "Übung 9.01.2019\Übung 9.01.2019.csproj", "{9A13D28D-B8A7-4604-B139-A67AB5F11E19}"
EndProject
Project("{FAE04EC0-301F-11D3-BF4B-00C04F79EFBC}") = "16.01.2019", "16.01.2019\16.01.2019.csproj", "{760FB99A-2C48-4E62-8A03-2E0E732027F1}"
EndProject
Project("{FAE04EC0-301F-11D3-BF4B-00C04F79EFBC}") = "Netto Brutto Rechner 16.01.2019", "Netto Brutto Rechner 16.01.2019\Netto Brutto Rechner 16.01.2019.csproj", "{5484D73E-C27B-4D48-A611-AACB2A14EEBD}"
EndProject
Project("{FAE04EC0-301F-11D3-BF4B-00C04F79EFBC}") = "Übung 21.01.2019", "Übung 21.01.2019\Übung 21.01.2019.csproj", "{9FEDCFCD-593A-4A50-9647-212BC87949C2}"
EndProject
Project("{FAE04EC0-301F-11D3-BF4B-00C04F79EFBC}") = "sü 4.Feb.2019", "sü 4.Feb.2019\sü 4.Feb.2019.csproj", "{197E2ABE-5D39-4F4B-AD9A-6BF7451C2DF2}"
EndProject
Project("{FAE04EC0-301F-11D3-BF4B-00C04F79EFBC}") = "Übung 04.02.2019", "Übung 04.02.2019\Übung 04.02.2019.csproj", "{AC8F025E-0AC5-4CCA-872D-BED0B5882CCA}"
EndProject
Project("{FAE04EC0-301F-11D3-BF4B-00C04F79EFBC}") = "06.02.2019", "06.02.2019\06.02.2019.csproj", "{FBC64246-3CCB-4BEB-B020-DD6B3070A452}"
EndProject
Project("{FAE04EC0-301F-11D3-BF4B-00C04F79EFBC}") = "18.2.2019", "18.2.2019\18.2.2019.csproj", "{E418FDF9-D39B-4BEB-9C06-0E2586A6C2BD}"
EndProject
Project("{FAE04EC0-301F-11D3-BF4B-00C04F79EFBC}") = "18.2.2019 V2", "18.2.2019 V2\18.2.2019 V2.csproj", "{4609B508-3DFF-4EA2-A1DF-324806133230}"
EndProject
Project("{FAE04EC0-301F-11D3-BF4B-00C04F79EFBC}") = "18.2.2019 V3", "18.2.2019 V3\18.2.2019 V3.csproj", "{EDB17A2B-AF90-4E8A-BCA6-A6E263CD629C}"
EndProject
Project("{FAE04EC0-301F-11D3-BF4B-00C04F79EFBC}") = "Fuß-O-Mat", "Fuß-O-Mat\Fuß-O-Mat.csproj", "{540CE554-F767-44AC-AE9E-B3E095860321}"
EndProject
Project("{FAE04EC0-301F-11D3-BF4B-00C04F79EFBC}") = "Test Projekt", "Test Projekt\Test Projekt.csproj", "{2CC222E9-2636-495E-8DA3-60397DF9855F}"
EndProject
Project("{FAE04EC0-301F-11D3-BF4B-00C04F79EFBC}") = "6.3.2019_Arrays", "6.3.2019_Arrays\6.3.2019_Arrays.csproj", "{7ECD62DA-ADB2-45D1-815D-5B756849416E}"
EndProject
Project("{FAE04EC0-301F-11D3-BF4B-00C04F79EFBC}") = "übung 11.3.2019", "Array 2.0\übung 11.3.2019.csproj", "{94BE882A-D8AF-42F7-85F7-E72C9470C2D1}"
EndProject
Project("{FAE04EC0-301F-11D3-BF4B-00C04F79EFBC}") = "Arbeitsauftrag 13.03.2019 planeten", "Arbeitsauftrag 13.03.2019\Arbeitsauftrag 13.03.2019 planeten.csproj", "{7724FECC-00A3-4F6B-B424-0060BDD4ACC9}"
EndProject
Project("{FAE04EC0-301F-11D3-BF4B-00C04F79EFBC}") = "Arbeitsauftrag 20.4.2019", "Arbeitsauftrag 20.4.2019\Arbeitsauftrag 20.4.2019.csproj", "{411225AC-1906-4A8E-9812-F91E71B1C306}"
EndProject
Project("{FAE04EC0-301F-11D3-BF4B-00C04F79EFBC}") = "Übung  27.03.2019", "Übung  27.03.2019\Übung  27.03.2019.csproj", "{B7D7E9AA-C975-45E1-B59B-4267C5DB93A4}"
EndProject
Project("{FAE04EC0-301F-11D3-BF4B-00C04F79EFBC}") = "Zähler", "Zähler\Zähler.csproj", "{BE9BB6C5-80CC-42A5-9810-D29B9311F5C8}"
EndProject
Project("{FAE04EC0-301F-11D3-BF4B-00C04F79EFBC}") = "Rechenkönig", "Rechenkönig\Rechenkönig.csproj", "{7791A33F-FB09-4A39-B268-CBE09041B063}"
EndProject
Project("{FAE04EC0-301F-11D3-BF4B-00C04F79EFBC}") = "08.04.2019", "08.04.2019\08.04.2019.csproj", "{EC8CD219-467A-40ED-AC04-CEB45A8601B2}"
EndProject
Project("{FAE04EC0-301F-11D3-BF4B-00C04F79EFBC}") = "ConsoleApp2", "ConsoleApp2\ConsoleApp2.csproj", "{C96901E2-05B6-4AB3-860C-49DF5519C2FB}"
EndProject
Project("{FAE04EC0-301F-11D3-BF4B-00C04F79EFBC}") = "10.04.2019 Zapfenrechnen", "10.04.2019 Zapfenrechnen\10.04.2019 Zapfenrechnen.csproj", "{2A86AC04-DE41-447B-B652-869B52B0765F}"
EndProject
Project("{FAE04EC0-301F-11D3-BF4B-00C04F79EFBC}") = "Milionen", "Milionen\Milionen.csproj", "{02DFC326-DAF9-4FA7-80CA-2BED533A27D6}"
EndProject
Project("{FAE04EC0-301F-11D3-BF4B-00C04F79EFBC}") = "20.05.2019 Switch", "20.05.2019 Switch\20.05.2019 Switch.csproj", "{256E8A09-D3FD-4948-B719-A25154E95AE5}"
EndProject
Project("{FAE04EC0-301F-11D3-BF4B-00C04F79EFBC}") = "22.05.2019", "22.05.2019\22.05.2019.csproj", "{C912FB1F-CEE2-4925-AAB3-E9CC5214D47C}"
EndProject
Project("{FAE04EC0-301F-11D3-BF4B-00C04F79EFBC}") = "22.05.2019 Wortketten", "22.05.2019 Wortketten\22.05.2019 Wortketten.csproj", "{5889FB78-573C-4794-AA5C-EF304CCC7FC5}"
EndProject
Project("{FAE04EC0-301F-11D3-BF4B-00C04F79EFBC}") = "27.5.2019", "27.5.2019\27.5.2019.csproj", "{42D33047-8D75-45D8-8EA4-3740533D5EF9}"
EndProject
Project("{FAE04EC0-301F-11D3-BF4B-00C04F79EFBC}") = "29.05.2019 Liste", "29.05.2019 Liste\29.05.2019 Liste.csproj", "{D84F5CBB-DCD6-4027-9F44-E33572815564}"
EndProject
Project("{FAE04EC0-301F-11D3-BF4B-00C04F79EFBC}") = "Pokepro", "Pokepro\Pokepro.csproj", "{5C87570E-BC6F-47FB-9C24-D49149E3AB1F}"
EndProject
Project("{FAE04EC0-301F-11D3-BF4B-00C04F79EFBC}") = "03.06.2019", "03.06.2019\03.06.2019.csproj", "{C615FE17-D5A4-47EA-84A3-92F8D1C2BD35}"
EndProject
Project("{FAE04EC0-301F-11D3-BF4B-00C04F79EFBC}") = "03.06.2019 V2", "03.06.2019 V2\03.06.2019 V2.csproj", "{11691FEC-577C-468F-AD18-0E4496819411}"
EndProject
Project("{FAE04EC0-301F-11D3-BF4B-00C04F79EFBC}") = "12.06.2019", "12.06.2019\12.06.2019.csproj", "{726B29C4-D0F6-43DB-AD7D-90FCBA1A1120}"
EndProject
Project("{FAE04EC0-301F-11D3-BF4B-00C04F79EFBC}") = "17.06.2019", "17.06.2019\17.06.2019.csproj", "{A0B284B0-88B1-45AA-B32B-B3B05FEFD615}"
EndProject
Project("{FAE04EC0-301F-11D3-BF4B-00C04F79EFBC}") = "Adresssbuch", "Adresssbuch\Adresssbuch.csproj", "{D05F9A4D-99EE-434D-BB15-410698DC3035}"
EndProject
Project("{FAE04EC0-301F-11D3-BF4B-00C04F79EFBC}") = "Verschieden Buchstaben", "Verschieden Buchstaben\Verschieden Buchstaben.csproj", "{A5B4976A-CDD4-4CCB-8C73-A83E31ED0AEF}"
EndProject
Project("{FAE04EC0-301F-11D3-BF4B-00C04F79EFBC}") = "01.07.2019 object orientierung", "01.07.2019 object orientierung\01.07.2019 object orientierung.csproj", "{19DEBDE2-CBD0-47AF-943A-FE442B809D9A}"
EndProject
Global
	GlobalSection(SolutionConfigurationPlatforms) = preSolution
		Debug|Any CPU = Debug|Any CPU
		Debug|ARM = Debug|ARM
		Debug|x64 = Debug|x64
		Debug|x86 = Debug|x86
		Release|Any CPU = Release|Any CPU
		Release|ARM = Release|ARM
		Release|x64 = Release|x64
		Release|x86 = Release|x86
	EndGlobalSection
	GlobalSection(ProjectConfigurationPlatforms) = postSolution
		{1C022CBD-736C-4224-9C95-13D5E9E0E147}.Debug|Any CPU.ActiveCfg = Debug|Any CPU
		{1C022CBD-736C-4224-9C95-13D5E9E0E147}.Debug|Any CPU.Build.0 = Debug|Any CPU
		{1C022CBD-736C-4224-9C95-13D5E9E0E147}.Debug|ARM.ActiveCfg = Debug|Any CPU
		{1C022CBD-736C-4224-9C95-13D5E9E0E147}.Debug|ARM.Build.0 = Debug|Any CPU
		{1C022CBD-736C-4224-9C95-13D5E9E0E147}.Debug|x64.ActiveCfg = Debug|Any CPU
		{1C022CBD-736C-4224-9C95-13D5E9E0E147}.Debug|x64.Build.0 = Debug|Any CPU
		{1C022CBD-736C-4224-9C95-13D5E9E0E147}.Debug|x86.ActiveCfg = Debug|Any CPU
		{1C022CBD-736C-4224-9C95-13D5E9E0E147}.Debug|x86.Build.0 = Debug|Any CPU
		{1C022CBD-736C-4224-9C95-13D5E9E0E147}.Release|Any CPU.ActiveCfg = Release|Any CPU
		{1C022CBD-736C-4224-9C95-13D5E9E0E147}.Release|Any CPU.Build.0 = Release|Any CPU
		{1C022CBD-736C-4224-9C95-13D5E9E0E147}.Release|ARM.ActiveCfg = Release|Any CPU
		{1C022CBD-736C-4224-9C95-13D5E9E0E147}.Release|ARM.Build.0 = Release|Any CPU
		{1C022CBD-736C-4224-9C95-13D5E9E0E147}.Release|x64.ActiveCfg = Release|Any CPU
		{1C022CBD-736C-4224-9C95-13D5E9E0E147}.Release|x64.Build.0 = Release|Any CPU
		{1C022CBD-736C-4224-9C95-13D5E9E0E147}.Release|x86.ActiveCfg = Release|Any CPU
		{1C022CBD-736C-4224-9C95-13D5E9E0E147}.Release|x86.Build.0 = Release|Any CPU
		{7102663A-DE28-4954-84DA-6709E90D600D}.Debug|Any CPU.ActiveCfg = Debug|Any CPU
		{7102663A-DE28-4954-84DA-6709E90D600D}.Debug|Any CPU.Build.0 = Debug|Any CPU
		{7102663A-DE28-4954-84DA-6709E90D600D}.Debug|ARM.ActiveCfg = Debug|Any CPU
		{7102663A-DE28-4954-84DA-6709E90D600D}.Debug|ARM.Build.0 = Debug|Any CPU
		{7102663A-DE28-4954-84DA-6709E90D600D}.Debug|x64.ActiveCfg = Debug|Any CPU
		{7102663A-DE28-4954-84DA-6709E90D600D}.Debug|x64.Build.0 = Debug|Any CPU
		{7102663A-DE28-4954-84DA-6709E90D600D}.Debug|x86.ActiveCfg = Debug|Any CPU
		{7102663A-DE28-4954-84DA-6709E90D600D}.Debug|x86.Build.0 = Debug|Any CPU
		{7102663A-DE28-4954-84DA-6709E90D600D}.Release|Any CPU.ActiveCfg = Release|Any CPU
		{7102663A-DE28-4954-84DA-6709E90D600D}.Release|Any CPU.Build.0 = Release|Any CPU
		{7102663A-DE28-4954-84DA-6709E90D600D}.Release|ARM.ActiveCfg = Release|Any CPU
		{7102663A-DE28-4954-84DA-6709E90D600D}.Release|ARM.Build.0 = Release|Any CPU
		{7102663A-DE28-4954-84DA-6709E90D600D}.Release|x64.ActiveCfg = Release|Any CPU
		{7102663A-DE28-4954-84DA-6709E90D600D}.Release|x64.Build.0 = Release|Any CPU
		{7102663A-DE28-4954-84DA-6709E90D600D}.Release|x86.ActiveCfg = Release|Any CPU
		{7102663A-DE28-4954-84DA-6709E90D600D}.Release|x86.Build.0 = Release|Any CPU
		{57F8EBD3-E3E6-4288-9968-FFE112AC4208}.Debug|Any CPU.ActiveCfg = Debug|Any CPU
		{57F8EBD3-E3E6-4288-9968-FFE112AC4208}.Debug|Any CPU.Build.0 = Debug|Any CPU
		{57F8EBD3-E3E6-4288-9968-FFE112AC4208}.Debug|ARM.ActiveCfg = Debug|Any CPU
		{57F8EBD3-E3E6-4288-9968-FFE112AC4208}.Debug|ARM.Build.0 = Debug|Any CPU
		{57F8EBD3-E3E6-4288-9968-FFE112AC4208}.Debug|x64.ActiveCfg = Debug|Any CPU
		{57F8EBD3-E3E6-4288-9968-FFE112AC4208}.Debug|x64.Build.0 = Debug|Any CPU
		{57F8EBD3-E3E6-4288-9968-FFE112AC4208}.Debug|x86.ActiveCfg = Debug|Any CPU
		{57F8EBD3-E3E6-4288-9968-FFE112AC4208}.Debug|x86.Build.0 = Debug|Any CPU
		{57F8EBD3-E3E6-4288-9968-FFE112AC4208}.Release|Any CPU.ActiveCfg = Release|Any CPU
		{57F8EBD3-E3E6-4288-9968-FFE112AC4208}.Release|Any CPU.Build.0 = Release|Any CPU
		{57F8EBD3-E3E6-4288-9968-FFE112AC4208}.Release|ARM.ActiveCfg = Release|Any CPU
		{57F8EBD3-E3E6-4288-9968-FFE112AC4208}.Release|ARM.Build.0 = Release|Any CPU
		{57F8EBD3-E3E6-4288-9968-FFE112AC4208}.Release|x64.ActiveCfg = Release|Any CPU
		{57F8EBD3-E3E6-4288-9968-FFE112AC4208}.Release|x64.Build.0 = Release|Any CPU
		{57F8EBD3-E3E6-4288-9968-FFE112AC4208}.Release|x86.ActiveCfg = Release|Any CPU
		{57F8EBD3-E3E6-4288-9968-FFE112AC4208}.Release|x86.Build.0 = Release|Any CPU
		{1C508010-DD60-4B79-834C-ABCBA8896D71}.Debug|Any CPU.ActiveCfg = Debug|Any CPU
		{1C508010-DD60-4B79-834C-ABCBA8896D71}.Debug|Any CPU.Build.0 = Debug|Any CPU
		{1C508010-DD60-4B79-834C-ABCBA8896D71}.Debug|ARM.ActiveCfg = Debug|Any CPU
		{1C508010-DD60-4B79-834C-ABCBA8896D71}.Debug|ARM.Build.0 = Debug|Any CPU
		{1C508010-DD60-4B79-834C-ABCBA8896D71}.Debug|x64.ActiveCfg = Debug|Any CPU
		{1C508010-DD60-4B79-834C-ABCBA8896D71}.Debug|x64.Build.0 = Debug|Any CPU
		{1C508010-DD60-4B79-834C-ABCBA8896D71}.Debug|x86.ActiveCfg = Debug|Any CPU
		{1C508010-DD60-4B79-834C-ABCBA8896D71}.Debug|x86.Build.0 = Debug|Any CPU
		{1C508010-DD60-4B79-834C-ABCBA8896D71}.Release|Any CPU.ActiveCfg = Release|Any CPU
		{1C508010-DD60-4B79-834C-ABCBA8896D71}.Release|Any CPU.Build.0 = Release|Any CPU
		{1C508010-DD60-4B79-834C-ABCBA8896D71}.Release|ARM.ActiveCfg = Release|Any CPU
		{1C508010-DD60-4B79-834C-ABCBA8896D71}.Release|ARM.Build.0 = Release|Any CPU
		{1C508010-DD60-4B79-834C-ABCBA8896D71}.Release|x64.ActiveCfg = Release|Any CPU
		{1C508010-DD60-4B79-834C-ABCBA8896D71}.Release|x64.Build.0 = Release|Any CPU
		{1C508010-DD60-4B79-834C-ABCBA8896D71}.Release|x86.ActiveCfg = Release|Any CPU
		{1C508010-DD60-4B79-834C-ABCBA8896D71}.Release|x86.Build.0 = Release|Any CPU
		{D344D9EB-4CE7-4133-9797-90F6660ED052}.Debug|Any CPU.ActiveCfg = Debug|Any CPU
		{D344D9EB-4CE7-4133-9797-90F6660ED052}.Debug|Any CPU.Build.0 = Debug|Any CPU
		{D344D9EB-4CE7-4133-9797-90F6660ED052}.Debug|ARM.ActiveCfg = Debug|Any CPU
		{D344D9EB-4CE7-4133-9797-90F6660ED052}.Debug|ARM.Build.0 = Debug|Any CPU
		{D344D9EB-4CE7-4133-9797-90F6660ED052}.Debug|x64.ActiveCfg = Debug|Any CPU
		{D344D9EB-4CE7-4133-9797-90F6660ED052}.Debug|x64.Build.0 = Debug|Any CPU
		{D344D9EB-4CE7-4133-9797-90F6660ED052}.Debug|x86.ActiveCfg = Debug|Any CPU
		{D344D9EB-4CE7-4133-9797-90F6660ED052}.Debug|x86.Build.0 = Debug|Any CPU
		{D344D9EB-4CE7-4133-9797-90F6660ED052}.Release|Any CPU.ActiveCfg = Release|Any CPU
		{D344D9EB-4CE7-4133-9797-90F6660ED052}.Release|Any CPU.Build.0 = Release|Any CPU
		{D344D9EB-4CE7-4133-9797-90F6660ED052}.Release|ARM.ActiveCfg = Release|Any CPU
		{D344D9EB-4CE7-4133-9797-90F6660ED052}.Release|ARM.Build.0 = Release|Any CPU
		{D344D9EB-4CE7-4133-9797-90F6660ED052}.Release|x64.ActiveCfg = Release|Any CPU
		{D344D9EB-4CE7-4133-9797-90F6660ED052}.Release|x64.Build.0 = Release|Any CPU
		{D344D9EB-4CE7-4133-9797-90F6660ED052}.Release|x86.ActiveCfg = Release|Any CPU
		{D344D9EB-4CE7-4133-9797-90F6660ED052}.Release|x86.Build.0 = Release|Any CPU
		{9A13D28D-B8A7-4604-B139-A67AB5F11E19}.Debug|Any CPU.ActiveCfg = Debug|Any CPU
		{9A13D28D-B8A7-4604-B139-A67AB5F11E19}.Debug|Any CPU.Build.0 = Debug|Any CPU
		{9A13D28D-B8A7-4604-B139-A67AB5F11E19}.Debug|ARM.ActiveCfg = Debug|Any CPU
		{9A13D28D-B8A7-4604-B139-A67AB5F11E19}.Debug|ARM.Build.0 = Debug|Any CPU
		{9A13D28D-B8A7-4604-B139-A67AB5F11E19}.Debug|x64.ActiveCfg = Debug|Any CPU
		{9A13D28D-B8A7-4604-B139-A67AB5F11E19}.Debug|x64.Build.0 = Debug|Any CPU
		{9A13D28D-B8A7-4604-B139-A67AB5F11E19}.Debug|x86.ActiveCfg = Debug|Any CPU
		{9A13D28D-B8A7-4604-B139-A67AB5F11E19}.Debug|x86.Build.0 = Debug|Any CPU
		{9A13D28D-B8A7-4604-B139-A67AB5F11E19}.Release|Any CPU.ActiveCfg = Release|Any CPU
		{9A13D28D-B8A7-4604-B139-A67AB5F11E19}.Release|Any CPU.Build.0 = Release|Any CPU
		{9A13D28D-B8A7-4604-B139-A67AB5F11E19}.Release|ARM.ActiveCfg = Release|Any CPU
		{9A13D28D-B8A7-4604-B139-A67AB5F11E19}.Release|ARM.Build.0 = Release|Any CPU
		{9A13D28D-B8A7-4604-B139-A67AB5F11E19}.Release|x64.ActiveCfg = Release|Any CPU
		{9A13D28D-B8A7-4604-B139-A67AB5F11E19}.Release|x64.Build.0 = Release|Any CPU
		{9A13D28D-B8A7-4604-B139-A67AB5F11E19}.Release|x86.ActiveCfg = Release|Any CPU
		{9A13D28D-B8A7-4604-B139-A67AB5F11E19}.Release|x86.Build.0 = Release|Any CPU
		{760FB99A-2C48-4E62-8A03-2E0E732027F1}.Debug|Any CPU.ActiveCfg = Debug|Any CPU
		{760FB99A-2C48-4E62-8A03-2E0E732027F1}.Debug|Any CPU.Build.0 = Debug|Any CPU
		{760FB99A-2C48-4E62-8A03-2E0E732027F1}.Debug|ARM.ActiveCfg = Debug|Any CPU
		{760FB99A-2C48-4E62-8A03-2E0E732027F1}.Debug|ARM.Build.0 = Debug|Any CPU
		{760FB99A-2C48-4E62-8A03-2E0E732027F1}.Debug|x64.ActiveCfg = Debug|Any CPU
		{760FB99A-2C48-4E62-8A03-2E0E732027F1}.Debug|x64.Build.0 = Debug|Any CPU
		{760FB99A-2C48-4E62-8A03-2E0E732027F1}.Debug|x86.ActiveCfg = Debug|Any CPU
		{760FB99A-2C48-4E62-8A03-2E0E732027F1}.Debug|x86.Build.0 = Debug|Any CPU
		{760FB99A-2C48-4E62-8A03-2E0E732027F1}.Release|Any CPU.ActiveCfg = Release|Any CPU
		{760FB99A-2C48-4E62-8A03-2E0E732027F1}.Release|Any CPU.Build.0 = Release|Any CPU
		{760FB99A-2C48-4E62-8A03-2E0E732027F1}.Release|ARM.ActiveCfg = Release|Any CPU
		{760FB99A-2C48-4E62-8A03-2E0E732027F1}.Release|ARM.Build.0 = Release|Any CPU
		{760FB99A-2C48-4E62-8A03-2E0E732027F1}.Release|x64.ActiveCfg = Release|Any CPU
		{760FB99A-2C48-4E62-8A03-2E0E732027F1}.Release|x64.Build.0 = Release|Any CPU
		{760FB99A-2C48-4E62-8A03-2E0E732027F1}.Release|x86.ActiveCfg = Release|Any CPU
		{760FB99A-2C48-4E62-8A03-2E0E732027F1}.Release|x86.Build.0 = Release|Any CPU
		{5484D73E-C27B-4D48-A611-AACB2A14EEBD}.Debug|Any CPU.ActiveCfg = Debug|Any CPU
		{5484D73E-C27B-4D48-A611-AACB2A14EEBD}.Debug|Any CPU.Build.0 = Debug|Any CPU
		{5484D73E-C27B-4D48-A611-AACB2A14EEBD}.Debug|ARM.ActiveCfg = Debug|Any CPU
		{5484D73E-C27B-4D48-A611-AACB2A14EEBD}.Debug|ARM.Build.0 = Debug|Any CPU
		{5484D73E-C27B-4D48-A611-AACB2A14EEBD}.Debug|x64.ActiveCfg = Debug|Any CPU
		{5484D73E-C27B-4D48-A611-AACB2A14EEBD}.Debug|x64.Build.0 = Debug|Any CPU
		{5484D73E-C27B-4D48-A611-AACB2A14EEBD}.Debug|x86.ActiveCfg = Debug|Any CPU
		{5484D73E-C27B-4D48-A611-AACB2A14EEBD}.Debug|x86.Build.0 = Debug|Any CPU
		{5484D73E-C27B-4D48-A611-AACB2A14EEBD}.Release|Any CPU.ActiveCfg = Release|Any CPU
		{5484D73E-C27B-4D48-A611-AACB2A14EEBD}.Release|Any CPU.Build.0 = Release|Any CPU
		{5484D73E-C27B-4D48-A611-AACB2A14EEBD}.Release|ARM.ActiveCfg = Release|Any CPU
		{5484D73E-C27B-4D48-A611-AACB2A14EEBD}.Release|ARM.Build.0 = Release|Any CPU
		{5484D73E-C27B-4D48-A611-AACB2A14EEBD}.Release|x64.ActiveCfg = Release|Any CPU
		{5484D73E-C27B-4D48-A611-AACB2A14EEBD}.Release|x64.Build.0 = Release|Any CPU
		{5484D73E-C27B-4D48-A611-AACB2A14EEBD}.Release|x86.ActiveCfg = Release|Any CPU
		{5484D73E-C27B-4D48-A611-AACB2A14EEBD}.Release|x86.Build.0 = Release|Any CPU
		{9FEDCFCD-593A-4A50-9647-212BC87949C2}.Debug|Any CPU.ActiveCfg = Debug|Any CPU
		{9FEDCFCD-593A-4A50-9647-212BC87949C2}.Debug|Any CPU.Build.0 = Debug|Any CPU
		{9FEDCFCD-593A-4A50-9647-212BC87949C2}.Debug|ARM.ActiveCfg = Debug|Any CPU
		{9FEDCFCD-593A-4A50-9647-212BC87949C2}.Debug|ARM.Build.0 = Debug|Any CPU
		{9FEDCFCD-593A-4A50-9647-212BC87949C2}.Debug|x64.ActiveCfg = Debug|Any CPU
		{9FEDCFCD-593A-4A50-9647-212BC87949C2}.Debug|x64.Build.0 = Debug|Any CPU
		{9FEDCFCD-593A-4A50-9647-212BC87949C2}.Debug|x86.ActiveCfg = Debug|Any CPU
		{9FEDCFCD-593A-4A50-9647-212BC87949C2}.Debug|x86.Build.0 = Debug|Any CPU
		{9FEDCFCD-593A-4A50-9647-212BC87949C2}.Release|Any CPU.ActiveCfg = Release|Any CPU
		{9FEDCFCD-593A-4A50-9647-212BC87949C2}.Release|Any CPU.Build.0 = Release|Any CPU
		{9FEDCFCD-593A-4A50-9647-212BC87949C2}.Release|ARM.ActiveCfg = Release|Any CPU
		{9FEDCFCD-593A-4A50-9647-212BC87949C2}.Release|ARM.Build.0 = Release|Any CPU
		{9FEDCFCD-593A-4A50-9647-212BC87949C2}.Release|x64.ActiveCfg = Release|Any CPU
		{9FEDCFCD-593A-4A50-9647-212BC87949C2}.Release|x64.Build.0 = Release|Any CPU
		{9FEDCFCD-593A-4A50-9647-212BC87949C2}.Release|x86.ActiveCfg = Release|Any CPU
		{9FEDCFCD-593A-4A50-9647-212BC87949C2}.Release|x86.Build.0 = Release|Any CPU
		{197E2ABE-5D39-4F4B-AD9A-6BF7451C2DF2}.Debug|Any CPU.ActiveCfg = Debug|Any CPU
		{197E2ABE-5D39-4F4B-AD9A-6BF7451C2DF2}.Debug|Any CPU.Build.0 = Debug|Any CPU
		{197E2ABE-5D39-4F4B-AD9A-6BF7451C2DF2}.Debug|ARM.ActiveCfg = Debug|Any CPU
		{197E2ABE-5D39-4F4B-AD9A-6BF7451C2DF2}.Debug|ARM.Build.0 = Debug|Any CPU
		{197E2ABE-5D39-4F4B-AD9A-6BF7451C2DF2}.Debug|x64.ActiveCfg = Debug|Any CPU
		{197E2ABE-5D39-4F4B-AD9A-6BF7451C2DF2}.Debug|x64.Build.0 = Debug|Any CPU
		{197E2ABE-5D39-4F4B-AD9A-6BF7451C2DF2}.Debug|x86.ActiveCfg = Debug|Any CPU
		{197E2ABE-5D39-4F4B-AD9A-6BF7451C2DF2}.Debug|x86.Build.0 = Debug|Any CPU
		{197E2ABE-5D39-4F4B-AD9A-6BF7451C2DF2}.Release|Any CPU.ActiveCfg = Release|Any CPU
		{197E2ABE-5D39-4F4B-AD9A-6BF7451C2DF2}.Release|Any CPU.Build.0 = Release|Any CPU
		{197E2ABE-5D39-4F4B-AD9A-6BF7451C2DF2}.Release|ARM.ActiveCfg = Release|Any CPU
		{197E2ABE-5D39-4F4B-AD9A-6BF7451C2DF2}.Release|ARM.Build.0 = Release|Any CPU
		{197E2ABE-5D39-4F4B-AD9A-6BF7451C2DF2}.Release|x64.ActiveCfg = Release|Any CPU
		{197E2ABE-5D39-4F4B-AD9A-6BF7451C2DF2}.Release|x64.Build.0 = Release|Any CPU
		{197E2ABE-5D39-4F4B-AD9A-6BF7451C2DF2}.Release|x86.ActiveCfg = Release|Any CPU
		{197E2ABE-5D39-4F4B-AD9A-6BF7451C2DF2}.Release|x86.Build.0 = Release|Any CPU
		{AC8F025E-0AC5-4CCA-872D-BED0B5882CCA}.Debug|Any CPU.ActiveCfg = Debug|Any CPU
		{AC8F025E-0AC5-4CCA-872D-BED0B5882CCA}.Debug|Any CPU.Build.0 = Debug|Any CPU
		{AC8F025E-0AC5-4CCA-872D-BED0B5882CCA}.Debug|ARM.ActiveCfg = Debug|Any CPU
		{AC8F025E-0AC5-4CCA-872D-BED0B5882CCA}.Debug|ARM.Build.0 = Debug|Any CPU
		{AC8F025E-0AC5-4CCA-872D-BED0B5882CCA}.Debug|x64.ActiveCfg = Debug|Any CPU
		{AC8F025E-0AC5-4CCA-872D-BED0B5882CCA}.Debug|x64.Build.0 = Debug|Any CPU
		{AC8F025E-0AC5-4CCA-872D-BED0B5882CCA}.Debug|x86.ActiveCfg = Debug|Any CPU
		{AC8F025E-0AC5-4CCA-872D-BED0B5882CCA}.Debug|x86.Build.0 = Debug|Any CPU
		{AC8F025E-0AC5-4CCA-872D-BED0B5882CCA}.Release|Any CPU.ActiveCfg = Release|Any CPU
		{AC8F025E-0AC5-4CCA-872D-BED0B5882CCA}.Release|Any CPU.Build.0 = Release|Any CPU
		{AC8F025E-0AC5-4CCA-872D-BED0B5882CCA}.Release|ARM.ActiveCfg = Release|Any CPU
		{AC8F025E-0AC5-4CCA-872D-BED0B5882CCA}.Release|ARM.Build.0 = Release|Any CPU
		{AC8F025E-0AC5-4CCA-872D-BED0B5882CCA}.Release|x64.ActiveCfg = Release|Any CPU
		{AC8F025E-0AC5-4CCA-872D-BED0B5882CCA}.Release|x64.Build.0 = Release|Any CPU
		{AC8F025E-0AC5-4CCA-872D-BED0B5882CCA}.Release|x86.ActiveCfg = Release|Any CPU
		{AC8F025E-0AC5-4CCA-872D-BED0B5882CCA}.Release|x86.Build.0 = Release|Any CPU
		{FBC64246-3CCB-4BEB-B020-DD6B3070A452}.Debug|Any CPU.ActiveCfg = Debug|Any CPU
		{FBC64246-3CCB-4BEB-B020-DD6B3070A452}.Debug|Any CPU.Build.0 = Debug|Any CPU
		{FBC64246-3CCB-4BEB-B020-DD6B3070A452}.Debug|ARM.ActiveCfg = Debug|Any CPU
		{FBC64246-3CCB-4BEB-B020-DD6B3070A452}.Debug|ARM.Build.0 = Debug|Any CPU
		{FBC64246-3CCB-4BEB-B020-DD6B3070A452}.Debug|x64.ActiveCfg = Debug|Any CPU
		{FBC64246-3CCB-4BEB-B020-DD6B3070A452}.Debug|x64.Build.0 = Debug|Any CPU
		{FBC64246-3CCB-4BEB-B020-DD6B3070A452}.Debug|x86.ActiveCfg = Debug|Any CPU
		{FBC64246-3CCB-4BEB-B020-DD6B3070A452}.Debug|x86.Build.0 = Debug|Any CPU
		{FBC64246-3CCB-4BEB-B020-DD6B3070A452}.Release|Any CPU.ActiveCfg = Release|Any CPU
		{FBC64246-3CCB-4BEB-B020-DD6B3070A452}.Release|Any CPU.Build.0 = Release|Any CPU
		{FBC64246-3CCB-4BEB-B020-DD6B3070A452}.Release|ARM.ActiveCfg = Release|Any CPU
		{FBC64246-3CCB-4BEB-B020-DD6B3070A452}.Release|ARM.Build.0 = Release|Any CPU
		{FBC64246-3CCB-4BEB-B020-DD6B3070A452}.Release|x64.ActiveCfg = Release|Any CPU
		{FBC64246-3CCB-4BEB-B020-DD6B3070A452}.Release|x64.Build.0 = Release|Any CPU
		{FBC64246-3CCB-4BEB-B020-DD6B3070A452}.Release|x86.ActiveCfg = Release|Any CPU
		{FBC64246-3CCB-4BEB-B020-DD6B3070A452}.Release|x86.Build.0 = Release|Any CPU
		{E418FDF9-D39B-4BEB-9C06-0E2586A6C2BD}.Debug|Any CPU.ActiveCfg = Debug|Any CPU
		{E418FDF9-D39B-4BEB-9C06-0E2586A6C2BD}.Debug|Any CPU.Build.0 = Debug|Any CPU
		{E418FDF9-D39B-4BEB-9C06-0E2586A6C2BD}.Debug|ARM.ActiveCfg = Debug|Any CPU
		{E418FDF9-D39B-4BEB-9C06-0E2586A6C2BD}.Debug|ARM.Build.0 = Debug|Any CPU
		{E418FDF9-D39B-4BEB-9C06-0E2586A6C2BD}.Debug|x64.ActiveCfg = Debug|Any CPU
		{E418FDF9-D39B-4BEB-9C06-0E2586A6C2BD}.Debug|x64.Build.0 = Debug|Any CPU
		{E418FDF9-D39B-4BEB-9C06-0E2586A6C2BD}.Debug|x86.ActiveCfg = Debug|Any CPU
		{E418FDF9-D39B-4BEB-9C06-0E2586A6C2BD}.Debug|x86.Build.0 = Debug|Any CPU
		{E418FDF9-D39B-4BEB-9C06-0E2586A6C2BD}.Release|Any CPU.ActiveCfg = Release|Any CPU
		{E418FDF9-D39B-4BEB-9C06-0E2586A6C2BD}.Release|Any CPU.Build.0 = Release|Any CPU
		{E418FDF9-D39B-4BEB-9C06-0E2586A6C2BD}.Release|ARM.ActiveCfg = Release|Any CPU
		{E418FDF9-D39B-4BEB-9C06-0E2586A6C2BD}.Release|ARM.Build.0 = Release|Any CPU
		{E418FDF9-D39B-4BEB-9C06-0E2586A6C2BD}.Release|x64.ActiveCfg = Release|Any CPU
		{E418FDF9-D39B-4BEB-9C06-0E2586A6C2BD}.Release|x64.Build.0 = Release|Any CPU
		{E418FDF9-D39B-4BEB-9C06-0E2586A6C2BD}.Release|x86.ActiveCfg = Release|Any CPU
		{E418FDF9-D39B-4BEB-9C06-0E2586A6C2BD}.Release|x86.Build.0 = Release|Any CPU
		{4609B508-3DFF-4EA2-A1DF-324806133230}.Debug|Any CPU.ActiveCfg = Debug|Any CPU
		{4609B508-3DFF-4EA2-A1DF-324806133230}.Debug|Any CPU.Build.0 = Debug|Any CPU
		{4609B508-3DFF-4EA2-A1DF-324806133230}.Debug|ARM.ActiveCfg = Debug|Any CPU
		{4609B508-3DFF-4EA2-A1DF-324806133230}.Debug|ARM.Build.0 = Debug|Any CPU
		{4609B508-3DFF-4EA2-A1DF-324806133230}.Debug|x64.ActiveCfg = Debug|Any CPU
		{4609B508-3DFF-4EA2-A1DF-324806133230}.Debug|x64.Build.0 = Debug|Any CPU
		{4609B508-3DFF-4EA2-A1DF-324806133230}.Debug|x86.ActiveCfg = Debug|Any CPU
		{4609B508-3DFF-4EA2-A1DF-324806133230}.Debug|x86.Build.0 = Debug|Any CPU
		{4609B508-3DFF-4EA2-A1DF-324806133230}.Release|Any CPU.ActiveCfg = Release|Any CPU
		{4609B508-3DFF-4EA2-A1DF-324806133230}.Release|Any CPU.Build.0 = Release|Any CPU
		{4609B508-3DFF-4EA2-A1DF-324806133230}.Release|ARM.ActiveCfg = Release|Any CPU
		{4609B508-3DFF-4EA2-A1DF-324806133230}.Release|ARM.Build.0 = Release|Any CPU
		{4609B508-3DFF-4EA2-A1DF-324806133230}.Release|x64.ActiveCfg = Release|Any CPU
		{4609B508-3DFF-4EA2-A1DF-324806133230}.Release|x64.Build.0 = Release|Any CPU
		{4609B508-3DFF-4EA2-A1DF-324806133230}.Release|x86.ActiveCfg = Release|Any CPU
		{4609B508-3DFF-4EA2-A1DF-324806133230}.Release|x86.Build.0 = Release|Any CPU
		{EDB17A2B-AF90-4E8A-BCA6-A6E263CD629C}.Debug|Any CPU.ActiveCfg = Debug|Any CPU
		{EDB17A2B-AF90-4E8A-BCA6-A6E263CD629C}.Debug|Any CPU.Build.0 = Debug|Any CPU
		{EDB17A2B-AF90-4E8A-BCA6-A6E263CD629C}.Debug|ARM.ActiveCfg = Debug|Any CPU
		{EDB17A2B-AF90-4E8A-BCA6-A6E263CD629C}.Debug|ARM.Build.0 = Debug|Any CPU
		{EDB17A2B-AF90-4E8A-BCA6-A6E263CD629C}.Debug|x64.ActiveCfg = Debug|Any CPU
		{EDB17A2B-AF90-4E8A-BCA6-A6E263CD629C}.Debug|x64.Build.0 = Debug|Any CPU
		{EDB17A2B-AF90-4E8A-BCA6-A6E263CD629C}.Debug|x86.ActiveCfg = Debug|Any CPU
		{EDB17A2B-AF90-4E8A-BCA6-A6E263CD629C}.Debug|x86.Build.0 = Debug|Any CPU
		{EDB17A2B-AF90-4E8A-BCA6-A6E263CD629C}.Release|Any CPU.ActiveCfg = Release|Any CPU
		{EDB17A2B-AF90-4E8A-BCA6-A6E263CD629C}.Release|Any CPU.Build.0 = Release|Any CPU
		{EDB17A2B-AF90-4E8A-BCA6-A6E263CD629C}.Release|ARM.ActiveCfg = Release|Any CPU
		{EDB17A2B-AF90-4E8A-BCA6-A6E263CD629C}.Release|ARM.Build.0 = Release|Any CPU
		{EDB17A2B-AF90-4E8A-BCA6-A6E263CD629C}.Release|x64.ActiveCfg = Release|Any CPU
		{EDB17A2B-AF90-4E8A-BCA6-A6E263CD629C}.Release|x64.Build.0 = Release|Any CPU
		{EDB17A2B-AF90-4E8A-BCA6-A6E263CD629C}.Release|x86.ActiveCfg = Release|Any CPU
		{EDB17A2B-AF90-4E8A-BCA6-A6E263CD629C}.Release|x86.Build.0 = Release|Any CPU
		{540CE554-F767-44AC-AE9E-B3E095860321}.Debug|Any CPU.ActiveCfg = Debug|Any CPU
		{540CE554-F767-44AC-AE9E-B3E095860321}.Debug|Any CPU.Build.0 = Debug|Any CPU
		{540CE554-F767-44AC-AE9E-B3E095860321}.Debug|ARM.ActiveCfg = Debug|Any CPU
		{540CE554-F767-44AC-AE9E-B3E095860321}.Debug|ARM.Build.0 = Debug|Any CPU
		{540CE554-F767-44AC-AE9E-B3E095860321}.Debug|x64.ActiveCfg = Debug|Any CPU
		{540CE554-F767-44AC-AE9E-B3E095860321}.Debug|x64.Build.0 = Debug|Any CPU
		{540CE554-F767-44AC-AE9E-B3E095860321}.Debug|x86.ActiveCfg = Debug|Any CPU
		{540CE554-F767-44AC-AE9E-B3E095860321}.Debug|x86.Build.0 = Debug|Any CPU
		{540CE554-F767-44AC-AE9E-B3E095860321}.Release|Any CPU.ActiveCfg = Release|Any CPU
		{540CE554-F767-44AC-AE9E-B3E095860321}.Release|Any CPU.Build.0 = Release|Any CPU
		{540CE554-F767-44AC-AE9E-B3E095860321}.Release|ARM.ActiveCfg = Release|Any CPU
		{540CE554-F767-44AC-AE9E-B3E095860321}.Release|ARM.Build.0 = Release|Any CPU
		{540CE554-F767-44AC-AE9E-B3E095860321}.Release|x64.ActiveCfg = Release|Any CPU
		{540CE554-F767-44AC-AE9E-B3E095860321}.Release|x64.Build.0 = Release|Any CPU
		{540CE554-F767-44AC-AE9E-B3E095860321}.Release|x86.ActiveCfg = Release|Any CPU
		{540CE554-F767-44AC-AE9E-B3E095860321}.Release|x86.Build.0 = Release|Any CPU
		{2CC222E9-2636-495E-8DA3-60397DF9855F}.Debug|Any CPU.ActiveCfg = Debug|Any CPU
		{2CC222E9-2636-495E-8DA3-60397DF9855F}.Debug|Any CPU.Build.0 = Debug|Any CPU
		{2CC222E9-2636-495E-8DA3-60397DF9855F}.Debug|ARM.ActiveCfg = Debug|Any CPU
		{2CC222E9-2636-495E-8DA3-60397DF9855F}.Debug|ARM.Build.0 = Debug|Any CPU
		{2CC222E9-2636-495E-8DA3-60397DF9855F}.Debug|x64.ActiveCfg = Debug|Any CPU
		{2CC222E9-2636-495E-8DA3-60397DF9855F}.Debug|x64.Build.0 = Debug|Any CPU
		{2CC222E9-2636-495E-8DA3-60397DF9855F}.Debug|x86.ActiveCfg = Debug|Any CPU
		{2CC222E9-2636-495E-8DA3-60397DF9855F}.Debug|x86.Build.0 = Debug|Any CPU
		{2CC222E9-2636-495E-8DA3-60397DF9855F}.Release|Any CPU.ActiveCfg = Release|Any CPU
		{2CC222E9-2636-495E-8DA3-60397DF9855F}.Release|Any CPU.Build.0 = Release|Any CPU
		{2CC222E9-2636-495E-8DA3-60397DF9855F}.Release|ARM.ActiveCfg = Release|Any CPU
		{2CC222E9-2636-495E-8DA3-60397DF9855F}.Release|ARM.Build.0 = Release|Any CPU
		{2CC222E9-2636-495E-8DA3-60397DF9855F}.Release|x64.ActiveCfg = Release|Any CPU
		{2CC222E9-2636-495E-8DA3-60397DF9855F}.Release|x64.Build.0 = Release|Any CPU
		{2CC222E9-2636-495E-8DA3-60397DF9855F}.Release|x86.ActiveCfg = Release|Any CPU
		{2CC222E9-2636-495E-8DA3-60397DF9855F}.Release|x86.Build.0 = Release|Any CPU
		{7ECD62DA-ADB2-45D1-815D-5B756849416E}.Debug|Any CPU.ActiveCfg = Debug|Any CPU
		{7ECD62DA-ADB2-45D1-815D-5B756849416E}.Debug|Any CPU.Build.0 = Debug|Any CPU
		{7ECD62DA-ADB2-45D1-815D-5B756849416E}.Debug|ARM.ActiveCfg = Debug|Any CPU
		{7ECD62DA-ADB2-45D1-815D-5B756849416E}.Debug|ARM.Build.0 = Debug|Any CPU
		{7ECD62DA-ADB2-45D1-815D-5B756849416E}.Debug|x64.ActiveCfg = Debug|Any CPU
		{7ECD62DA-ADB2-45D1-815D-5B756849416E}.Debug|x64.Build.0 = Debug|Any CPU
		{7ECD62DA-ADB2-45D1-815D-5B756849416E}.Debug|x86.ActiveCfg = Debug|Any CPU
		{7ECD62DA-ADB2-45D1-815D-5B756849416E}.Debug|x86.Build.0 = Debug|Any CPU
		{7ECD62DA-ADB2-45D1-815D-5B756849416E}.Release|Any CPU.ActiveCfg = Release|Any CPU
		{7ECD62DA-ADB2-45D1-815D-5B756849416E}.Release|Any CPU.Build.0 = Release|Any CPU
		{7ECD62DA-ADB2-45D1-815D-5B756849416E}.Release|ARM.ActiveCfg = Release|Any CPU
		{7ECD62DA-ADB2-45D1-815D-5B756849416E}.Release|ARM.Build.0 = Release|Any CPU
		{7ECD62DA-ADB2-45D1-815D-5B756849416E}.Release|x64.ActiveCfg = Release|Any CPU
		{7ECD62DA-ADB2-45D1-815D-5B756849416E}.Release|x64.Build.0 = Release|Any CPU
		{7ECD62DA-ADB2-45D1-815D-5B756849416E}.Release|x86.ActiveCfg = Release|Any CPU
		{7ECD62DA-ADB2-45D1-815D-5B756849416E}.Release|x86.Build.0 = Release|Any CPU
		{94BE882A-D8AF-42F7-85F7-E72C9470C2D1}.Debug|Any CPU.ActiveCfg = Debug|Any CPU
		{94BE882A-D8AF-42F7-85F7-E72C9470C2D1}.Debug|Any CPU.Build.0 = Debug|Any CPU
		{94BE882A-D8AF-42F7-85F7-E72C9470C2D1}.Debug|ARM.ActiveCfg = Debug|Any CPU
		{94BE882A-D8AF-42F7-85F7-E72C9470C2D1}.Debug|ARM.Build.0 = Debug|Any CPU
		{94BE882A-D8AF-42F7-85F7-E72C9470C2D1}.Debug|x64.ActiveCfg = Debug|Any CPU
		{94BE882A-D8AF-42F7-85F7-E72C9470C2D1}.Debug|x64.Build.0 = Debug|Any CPU
		{94BE882A-D8AF-42F7-85F7-E72C9470C2D1}.Debug|x86.ActiveCfg = Debug|Any CPU
		{94BE882A-D8AF-42F7-85F7-E72C9470C2D1}.Debug|x86.Build.0 = Debug|Any CPU
		{94BE882A-D8AF-42F7-85F7-E72C9470C2D1}.Release|Any CPU.ActiveCfg = Release|Any CPU
		{94BE882A-D8AF-42F7-85F7-E72C9470C2D1}.Release|Any CPU.Build.0 = Release|Any CPU
		{94BE882A-D8AF-42F7-85F7-E72C9470C2D1}.Release|ARM.ActiveCfg = Release|Any CPU
		{94BE882A-D8AF-42F7-85F7-E72C9470C2D1}.Release|ARM.Build.0 = Release|Any CPU
		{94BE882A-D8AF-42F7-85F7-E72C9470C2D1}.Release|x64.ActiveCfg = Release|Any CPU
		{94BE882A-D8AF-42F7-85F7-E72C9470C2D1}.Release|x64.Build.0 = Release|Any CPU
		{94BE882A-D8AF-42F7-85F7-E72C9470C2D1}.Release|x86.ActiveCfg = Release|Any CPU
		{94BE882A-D8AF-42F7-85F7-E72C9470C2D1}.Release|x86.Build.0 = Release|Any CPU
		{7724FECC-00A3-4F6B-B424-0060BDD4ACC9}.Debug|Any CPU.ActiveCfg = Debug|Any CPU
		{7724FECC-00A3-4F6B-B424-0060BDD4ACC9}.Debug|Any CPU.Build.0 = Debug|Any CPU
		{7724FECC-00A3-4F6B-B424-0060BDD4ACC9}.Debug|ARM.ActiveCfg = Debug|Any CPU
		{7724FECC-00A3-4F6B-B424-0060BDD4ACC9}.Debug|ARM.Build.0 = Debug|Any CPU
		{7724FECC-00A3-4F6B-B424-0060BDD4ACC9}.Debug|x64.ActiveCfg = Debug|Any CPU
		{7724FECC-00A3-4F6B-B424-0060BDD4ACC9}.Debug|x64.Build.0 = Debug|Any CPU
		{7724FECC-00A3-4F6B-B424-0060BDD4ACC9}.Debug|x86.ActiveCfg = Debug|Any CPU
		{7724FECC-00A3-4F6B-B424-0060BDD4ACC9}.Debug|x86.Build.0 = Debug|Any CPU
		{7724FECC-00A3-4F6B-B424-0060BDD4ACC9}.Release|Any CPU.ActiveCfg = Release|Any CPU
		{7724FECC-00A3-4F6B-B424-0060BDD4ACC9}.Release|Any CPU.Build.0 = Release|Any CPU
		{7724FECC-00A3-4F6B-B424-0060BDD4ACC9}.Release|ARM.ActiveCfg = Release|Any CPU
		{7724FECC-00A3-4F6B-B424-0060BDD4ACC9}.Release|ARM.Build.0 = Release|Any CPU
		{7724FECC-00A3-4F6B-B424-0060BDD4ACC9}.Release|x64.ActiveCfg = Release|Any CPU
		{7724FECC-00A3-4F6B-B424-0060BDD4ACC9}.Release|x64.Build.0 = Release|Any CPU
		{7724FECC-00A3-4F6B-B424-0060BDD4ACC9}.Release|x86.ActiveCfg = Release|Any CPU
		{7724FECC-00A3-4F6B-B424-0060BDD4ACC9}.Release|x86.Build.0 = Release|Any CPU
		{411225AC-1906-4A8E-9812-F91E71B1C306}.Debug|Any CPU.ActiveCfg = Debug|Any CPU
		{411225AC-1906-4A8E-9812-F91E71B1C306}.Debug|Any CPU.Build.0 = Debug|Any CPU
		{411225AC-1906-4A8E-9812-F91E71B1C306}.Debug|ARM.ActiveCfg = Debug|Any CPU
		{411225AC-1906-4A8E-9812-F91E71B1C306}.Debug|ARM.Build.0 = Debug|Any CPU
		{411225AC-1906-4A8E-9812-F91E71B1C306}.Debug|x64.ActiveCfg = Debug|Any CPU
		{411225AC-1906-4A8E-9812-F91E71B1C306}.Debug|x64.Build.0 = Debug|Any CPU
		{411225AC-1906-4A8E-9812-F91E71B1C306}.Debug|x86.ActiveCfg = Debug|Any CPU
		{411225AC-1906-4A8E-9812-F91E71B1C306}.Debug|x86.Build.0 = Debug|Any CPU
		{411225AC-1906-4A8E-9812-F91E71B1C306}.Release|Any CPU.ActiveCfg = Release|Any CPU
		{411225AC-1906-4A8E-9812-F91E71B1C306}.Release|Any CPU.Build.0 = Release|Any CPU
		{411225AC-1906-4A8E-9812-F91E71B1C306}.Release|ARM.ActiveCfg = Release|Any CPU
		{411225AC-1906-4A8E-9812-F91E71B1C306}.Release|ARM.Build.0 = Release|Any CPU
		{411225AC-1906-4A8E-9812-F91E71B1C306}.Release|x64.ActiveCfg = Release|Any CPU
		{411225AC-1906-4A8E-9812-F91E71B1C306}.Release|x64.Build.0 = Release|Any CPU
		{411225AC-1906-4A8E-9812-F91E71B1C306}.Release|x86.ActiveCfg = Release|Any CPU
		{411225AC-1906-4A8E-9812-F91E71B1C306}.Release|x86.Build.0 = Release|Any CPU
		{B7D7E9AA-C975-45E1-B59B-4267C5DB93A4}.Debug|Any CPU.ActiveCfg = Debug|Any CPU
		{B7D7E9AA-C975-45E1-B59B-4267C5DB93A4}.Debug|Any CPU.Build.0 = Debug|Any CPU
		{B7D7E9AA-C975-45E1-B59B-4267C5DB93A4}.Debug|ARM.ActiveCfg = Debug|Any CPU
		{B7D7E9AA-C975-45E1-B59B-4267C5DB93A4}.Debug|ARM.Build.0 = Debug|Any CPU
		{B7D7E9AA-C975-45E1-B59B-4267C5DB93A4}.Debug|x64.ActiveCfg = Debug|Any CPU
		{B7D7E9AA-C975-45E1-B59B-4267C5DB93A4}.Debug|x64.Build.0 = Debug|Any CPU
		{B7D7E9AA-C975-45E1-B59B-4267C5DB93A4}.Debug|x86.ActiveCfg = Debug|Any CPU
		{B7D7E9AA-C975-45E1-B59B-4267C5DB93A4}.Debug|x86.Build.0 = Debug|Any CPU
		{B7D7E9AA-C975-45E1-B59B-4267C5DB93A4}.Release|Any CPU.ActiveCfg = Release|Any CPU
		{B7D7E9AA-C975-45E1-B59B-4267C5DB93A4}.Release|Any CPU.Build.0 = Release|Any CPU
		{B7D7E9AA-C975-45E1-B59B-4267C5DB93A4}.Release|ARM.ActiveCfg = Release|Any CPU
		{B7D7E9AA-C975-45E1-B59B-4267C5DB93A4}.Release|ARM.Build.0 = Release|Any CPU
		{B7D7E9AA-C975-45E1-B59B-4267C5DB93A4}.Release|x64.ActiveCfg = Release|Any CPU
		{B7D7E9AA-C975-45E1-B59B-4267C5DB93A4}.Release|x64.Build.0 = Release|Any CPU
		{B7D7E9AA-C975-45E1-B59B-4267C5DB93A4}.Release|x86.ActiveCfg = Release|Any CPU
		{B7D7E9AA-C975-45E1-B59B-4267C5DB93A4}.Release|x86.Build.0 = Release|Any CPU
		{BE9BB6C5-80CC-42A5-9810-D29B9311F5C8}.Debug|Any CPU.ActiveCfg = Debug|Any CPU
		{BE9BB6C5-80CC-42A5-9810-D29B9311F5C8}.Debug|Any CPU.Build.0 = Debug|Any CPU
		{BE9BB6C5-80CC-42A5-9810-D29B9311F5C8}.Debug|ARM.ActiveCfg = Debug|Any CPU
		{BE9BB6C5-80CC-42A5-9810-D29B9311F5C8}.Debug|ARM.Build.0 = Debug|Any CPU
		{BE9BB6C5-80CC-42A5-9810-D29B9311F5C8}.Debug|x64.ActiveCfg = Debug|Any CPU
		{BE9BB6C5-80CC-42A5-9810-D29B9311F5C8}.Debug|x64.Build.0 = Debug|Any CPU
		{BE9BB6C5-80CC-42A5-9810-D29B9311F5C8}.Debug|x86.ActiveCfg = Debug|Any CPU
		{BE9BB6C5-80CC-42A5-9810-D29B9311F5C8}.Debug|x86.Build.0 = Debug|Any CPU
		{BE9BB6C5-80CC-42A5-9810-D29B9311F5C8}.Release|Any CPU.ActiveCfg = Release|Any CPU
		{BE9BB6C5-80CC-42A5-9810-D29B9311F5C8}.Release|Any CPU.Build.0 = Release|Any CPU
		{BE9BB6C5-80CC-42A5-9810-D29B9311F5C8}.Release|ARM.ActiveCfg = Release|Any CPU
		{BE9BB6C5-80CC-42A5-9810-D29B9311F5C8}.Release|ARM.Build.0 = Release|Any CPU
		{BE9BB6C5-80CC-42A5-9810-D29B9311F5C8}.Release|x64.ActiveCfg = Release|Any CPU
		{BE9BB6C5-80CC-42A5-9810-D29B9311F5C8}.Release|x64.Build.0 = Release|Any CPU
		{BE9BB6C5-80CC-42A5-9810-D29B9311F5C8}.Release|x86.ActiveCfg = Release|Any CPU
		{BE9BB6C5-80CC-42A5-9810-D29B9311F5C8}.Release|x86.Build.0 = Release|Any CPU
		{7791A33F-FB09-4A39-B268-CBE09041B063}.Debug|Any CPU.ActiveCfg = Debug|Any CPU
		{7791A33F-FB09-4A39-B268-CBE09041B063}.Debug|Any CPU.Build.0 = Debug|Any CPU
		{7791A33F-FB09-4A39-B268-CBE09041B063}.Debug|ARM.ActiveCfg = Debug|Any CPU
		{7791A33F-FB09-4A39-B268-CBE09041B063}.Debug|ARM.Build.0 = Debug|Any CPU
		{7791A33F-FB09-4A39-B268-CBE09041B063}.Debug|x64.ActiveCfg = Debug|Any CPU
		{7791A33F-FB09-4A39-B268-CBE09041B063}.Debug|x64.Build.0 = Debug|Any CPU
		{7791A33F-FB09-4A39-B268-CBE09041B063}.Debug|x86.ActiveCfg = Debug|Any CPU
		{7791A33F-FB09-4A39-B268-CBE09041B063}.Debug|x86.Build.0 = Debug|Any CPU
		{7791A33F-FB09-4A39-B268-CBE09041B063}.Release|Any CPU.ActiveCfg = Release|Any CPU
		{7791A33F-FB09-4A39-B268-CBE09041B063}.Release|Any CPU.Build.0 = Release|Any CPU
		{7791A33F-FB09-4A39-B268-CBE09041B063}.Release|ARM.ActiveCfg = Release|Any CPU
		{7791A33F-FB09-4A39-B268-CBE09041B063}.Release|ARM.Build.0 = Release|Any CPU
		{7791A33F-FB09-4A39-B268-CBE09041B063}.Release|x64.ActiveCfg = Release|Any CPU
		{7791A33F-FB09-4A39-B268-CBE09041B063}.Release|x64.Build.0 = Release|Any CPU
		{7791A33F-FB09-4A39-B268-CBE09041B063}.Release|x86.ActiveCfg = Release|Any CPU
		{7791A33F-FB09-4A39-B268-CBE09041B063}.Release|x86.Build.0 = Release|Any CPU
		{EC8CD219-467A-40ED-AC04-CEB45A8601B2}.Debug|Any CPU.ActiveCfg = Debug|Any CPU
		{EC8CD219-467A-40ED-AC04-CEB45A8601B2}.Debug|Any CPU.Build.0 = Debug|Any CPU
		{EC8CD219-467A-40ED-AC04-CEB45A8601B2}.Debug|ARM.ActiveCfg = Debug|Any CPU
		{EC8CD219-467A-40ED-AC04-CEB45A8601B2}.Debug|ARM.Build.0 = Debug|Any CPU
		{EC8CD219-467A-40ED-AC04-CEB45A8601B2}.Debug|x64.ActiveCfg = Debug|Any CPU
		{EC8CD219-467A-40ED-AC04-CEB45A8601B2}.Debug|x64.Build.0 = Debug|Any CPU
		{EC8CD219-467A-40ED-AC04-CEB45A8601B2}.Debug|x86.ActiveCfg = Debug|Any CPU
		{EC8CD219-467A-40ED-AC04-CEB45A8601B2}.Debug|x86.Build.0 = Debug|Any CPU
		{EC8CD219-467A-40ED-AC04-CEB45A8601B2}.Release|Any CPU.ActiveCfg = Release|Any CPU
		{EC8CD219-467A-40ED-AC04-CEB45A8601B2}.Release|Any CPU.Build.0 = Release|Any CPU
		{EC8CD219-467A-40ED-AC04-CEB45A8601B2}.Release|ARM.ActiveCfg = Release|Any CPU
		{EC8CD219-467A-40ED-AC04-CEB45A8601B2}.Release|ARM.Build.0 = Release|Any CPU
		{EC8CD219-467A-40ED-AC04-CEB45A8601B2}.Release|x64.ActiveCfg = Release|Any CPU
		{EC8CD219-467A-40ED-AC04-CEB45A8601B2}.Release|x64.Build.0 = Release|Any CPU
		{EC8CD219-467A-40ED-AC04-CEB45A8601B2}.Release|x86.ActiveCfg = Release|Any CPU
		{EC8CD219-467A-40ED-AC04-CEB45A8601B2}.Release|x86.Build.0 = Release|Any CPU
		{C96901E2-05B6-4AB3-860C-49DF5519C2FB}.Debug|Any CPU.ActiveCfg = Debug|Any CPU
		{C96901E2-05B6-4AB3-860C-49DF5519C2FB}.Debug|Any CPU.Build.0 = Debug|Any CPU
		{C96901E2-05B6-4AB3-860C-49DF5519C2FB}.Debug|ARM.ActiveCfg = Debug|Any CPU
		{C96901E2-05B6-4AB3-860C-49DF5519C2FB}.Debug|ARM.Build.0 = Debug|Any CPU
		{C96901E2-05B6-4AB3-860C-49DF5519C2FB}.Debug|x64.ActiveCfg = Debug|Any CPU
		{C96901E2-05B6-4AB3-860C-49DF5519C2FB}.Debug|x64.Build.0 = Debug|Any CPU
		{C96901E2-05B6-4AB3-860C-49DF5519C2FB}.Debug|x86.ActiveCfg = Debug|Any CPU
		{C96901E2-05B6-4AB3-860C-49DF5519C2FB}.Debug|x86.Build.0 = Debug|Any CPU
		{C96901E2-05B6-4AB3-860C-49DF5519C2FB}.Release|Any CPU.ActiveCfg = Release|Any CPU
		{C96901E2-05B6-4AB3-860C-49DF5519C2FB}.Release|Any CPU.Build.0 = Release|Any CPU
		{C96901E2-05B6-4AB3-860C-49DF5519C2FB}.Release|ARM.ActiveCfg = Release|Any CPU
		{C96901E2-05B6-4AB3-860C-49DF5519C2FB}.Release|ARM.Build.0 = Release|Any CPU
		{C96901E2-05B6-4AB3-860C-49DF5519C2FB}.Release|x64.ActiveCfg = Release|Any CPU
		{C96901E2-05B6-4AB3-860C-49DF5519C2FB}.Release|x64.Build.0 = Release|Any CPU
		{C96901E2-05B6-4AB3-860C-49DF5519C2FB}.Release|x86.ActiveCfg = Release|Any CPU
		{C96901E2-05B6-4AB3-860C-49DF5519C2FB}.Release|x86.Build.0 = Release|Any CPU
		{2A86AC04-DE41-447B-B652-869B52B0765F}.Debug|Any CPU.ActiveCfg = Debug|Any CPU
		{2A86AC04-DE41-447B-B652-869B52B0765F}.Debug|Any CPU.Build.0 = Debug|Any CPU
		{2A86AC04-DE41-447B-B652-869B52B0765F}.Debug|ARM.ActiveCfg = Debug|Any CPU
		{2A86AC04-DE41-447B-B652-869B52B0765F}.Debug|ARM.Build.0 = Debug|Any CPU
		{2A86AC04-DE41-447B-B652-869B52B0765F}.Debug|x64.ActiveCfg = Debug|Any CPU
		{2A86AC04-DE41-447B-B652-869B52B0765F}.Debug|x64.Build.0 = Debug|Any CPU
		{2A86AC04-DE41-447B-B652-869B52B0765F}.Debug|x86.ActiveCfg = Debug|Any CPU
		{2A86AC04-DE41-447B-B652-869B52B0765F}.Debug|x86.Build.0 = Debug|Any CPU
		{2A86AC04-DE41-447B-B652-869B52B0765F}.Release|Any CPU.ActiveCfg = Release|Any CPU
		{2A86AC04-DE41-447B-B652-869B52B0765F}.Release|Any CPU.Build.0 = Release|Any CPU
		{2A86AC04-DE41-447B-B652-869B52B0765F}.Release|ARM.ActiveCfg = Release|Any CPU
		{2A86AC04-DE41-447B-B652-869B52B0765F}.Release|ARM.Build.0 = Release|Any CPU
		{2A86AC04-DE41-447B-B652-869B52B0765F}.Release|x64.ActiveCfg = Release|Any CPU
		{2A86AC04-DE41-447B-B652-869B52B0765F}.Release|x64.Build.0 = Release|Any CPU
		{2A86AC04-DE41-447B-B652-869B52B0765F}.Release|x86.ActiveCfg = Release|Any CPU
		{2A86AC04-DE41-447B-B652-869B52B0765F}.Release|x86.Build.0 = Release|Any CPU
		{02DFC326-DAF9-4FA7-80CA-2BED533A27D6}.Debug|Any CPU.ActiveCfg = Debug|Any CPU
		{02DFC326-DAF9-4FA7-80CA-2BED533A27D6}.Debug|Any CPU.Build.0 = Debug|Any CPU
		{02DFC326-DAF9-4FA7-80CA-2BED533A27D6}.Debug|ARM.ActiveCfg = Debug|Any CPU
		{02DFC326-DAF9-4FA7-80CA-2BED533A27D6}.Debug|ARM.Build.0 = Debug|Any CPU
		{02DFC326-DAF9-4FA7-80CA-2BED533A27D6}.Debug|x64.ActiveCfg = Debug|Any CPU
		{02DFC326-DAF9-4FA7-80CA-2BED533A27D6}.Debug|x64.Build.0 = Debug|Any CPU
		{02DFC326-DAF9-4FA7-80CA-2BED533A27D6}.Debug|x86.ActiveCfg = Debug|Any CPU
		{02DFC326-DAF9-4FA7-80CA-2BED533A27D6}.Debug|x86.Build.0 = Debug|Any CPU
		{02DFC326-DAF9-4FA7-80CA-2BED533A27D6}.Release|Any CPU.ActiveCfg = Release|Any CPU
		{02DFC326-DAF9-4FA7-80CA-2BED533A27D6}.Release|Any CPU.Build.0 = Release|Any CPU
		{02DFC326-DAF9-4FA7-80CA-2BED533A27D6}.Release|ARM.ActiveCfg = Release|Any CPU
		{02DFC326-DAF9-4FA7-80CA-2BED533A27D6}.Release|ARM.Build.0 = Release|Any CPU
		{02DFC326-DAF9-4FA7-80CA-2BED533A27D6}.Release|x64.ActiveCfg = Release|Any CPU
		{02DFC326-DAF9-4FA7-80CA-2BED533A27D6}.Release|x64.Build.0 = Release|Any CPU
		{02DFC326-DAF9-4FA7-80CA-2BED533A27D6}.Release|x86.ActiveCfg = Release|Any CPU
		{02DFC326-DAF9-4FA7-80CA-2BED533A27D6}.Release|x86.Build.0 = Release|Any CPU
		{256E8A09-D3FD-4948-B719-A25154E95AE5}.Debug|Any CPU.ActiveCfg = Debug|Any CPU
		{256E8A09-D3FD-4948-B719-A25154E95AE5}.Debug|Any CPU.Build.0 = Debug|Any CPU
		{256E8A09-D3FD-4948-B719-A25154E95AE5}.Debug|ARM.ActiveCfg = Debug|Any CPU
		{256E8A09-D3FD-4948-B719-A25154E95AE5}.Debug|ARM.Build.0 = Debug|Any CPU
		{256E8A09-D3FD-4948-B719-A25154E95AE5}.Debug|x64.ActiveCfg = Debug|Any CPU
		{256E8A09-D3FD-4948-B719-A25154E95AE5}.Debug|x64.Build.0 = Debug|Any CPU
		{256E8A09-D3FD-4948-B719-A25154E95AE5}.Debug|x86.ActiveCfg = Debug|Any CPU
		{256E8A09-D3FD-4948-B719-A25154E95AE5}.Debug|x86.Build.0 = Debug|Any CPU
		{256E8A09-D3FD-4948-B719-A25154E95AE5}.Release|Any CPU.ActiveCfg = Release|Any CPU
		{256E8A09-D3FD-4948-B719-A25154E95AE5}.Release|Any CPU.Build.0 = Release|Any CPU
		{256E8A09-D3FD-4948-B719-A25154E95AE5}.Release|ARM.ActiveCfg = Release|Any CPU
		{256E8A09-D3FD-4948-B719-A25154E95AE5}.Release|ARM.Build.0 = Release|Any CPU
		{256E8A09-D3FD-4948-B719-A25154E95AE5}.Release|x64.ActiveCfg = Release|Any CPU
		{256E8A09-D3FD-4948-B719-A25154E95AE5}.Release|x64.Build.0 = Release|Any CPU
		{256E8A09-D3FD-4948-B719-A25154E95AE5}.Release|x86.ActiveCfg = Release|Any CPU
		{256E8A09-D3FD-4948-B719-A25154E95AE5}.Release|x86.Build.0 = Release|Any CPU
		{C912FB1F-CEE2-4925-AAB3-E9CC5214D47C}.Debug|Any CPU.ActiveCfg = Debug|Any CPU
		{C912FB1F-CEE2-4925-AAB3-E9CC5214D47C}.Debug|Any CPU.Build.0 = Debug|Any CPU
		{C912FB1F-CEE2-4925-AAB3-E9CC5214D47C}.Debug|ARM.ActiveCfg = Debug|Any CPU
		{C912FB1F-CEE2-4925-AAB3-E9CC5214D47C}.Debug|ARM.Build.0 = Debug|Any CPU
		{C912FB1F-CEE2-4925-AAB3-E9CC5214D47C}.Debug|x64.ActiveCfg = Debug|Any CPU
		{C912FB1F-CEE2-4925-AAB3-E9CC5214D47C}.Debug|x64.Build.0 = Debug|Any CPU
		{C912FB1F-CEE2-4925-AAB3-E9CC5214D47C}.Debug|x86.ActiveCfg = Debug|Any CPU
		{C912FB1F-CEE2-4925-AAB3-E9CC5214D47C}.Debug|x86.Build.0 = Debug|Any CPU
		{C912FB1F-CEE2-4925-AAB3-E9CC5214D47C}.Release|Any CPU.ActiveCfg = Release|Any CPU
		{C912FB1F-CEE2-4925-AAB3-E9CC5214D47C}.Release|Any CPU.Build.0 = Release|Any CPU
		{C912FB1F-CEE2-4925-AAB3-E9CC5214D47C}.Release|ARM.ActiveCfg = Release|Any CPU
		{C912FB1F-CEE2-4925-AAB3-E9CC5214D47C}.Release|ARM.Build.0 = Release|Any CPU
		{C912FB1F-CEE2-4925-AAB3-E9CC5214D47C}.Release|x64.ActiveCfg = Release|Any CPU
		{C912FB1F-CEE2-4925-AAB3-E9CC5214D47C}.Release|x64.Build.0 = Release|Any CPU
		{C912FB1F-CEE2-4925-AAB3-E9CC5214D47C}.Release|x86.ActiveCfg = Release|Any CPU
		{C912FB1F-CEE2-4925-AAB3-E9CC5214D47C}.Release|x86.Build.0 = Release|Any CPU
		{5889FB78-573C-4794-AA5C-EF304CCC7FC5}.Debug|Any CPU.ActiveCfg = Debug|Any CPU
		{5889FB78-573C-4794-AA5C-EF304CCC7FC5}.Debug|Any CPU.Build.0 = Debug|Any CPU
		{5889FB78-573C-4794-AA5C-EF304CCC7FC5}.Debug|ARM.ActiveCfg = Debug|Any CPU
		{5889FB78-573C-4794-AA5C-EF304CCC7FC5}.Debug|ARM.Build.0 = Debug|Any CPU
		{5889FB78-573C-4794-AA5C-EF304CCC7FC5}.Debug|x64.ActiveCfg = Debug|Any CPU
		{5889FB78-573C-4794-AA5C-EF304CCC7FC5}.Debug|x64.Build.0 = Debug|Any CPU
		{5889FB78-573C-4794-AA5C-EF304CCC7FC5}.Debug|x86.ActiveCfg = Debug|Any CPU
		{5889FB78-573C-4794-AA5C-EF304CCC7FC5}.Debug|x86.Build.0 = Debug|Any CPU
		{5889FB78-573C-4794-AA5C-EF304CCC7FC5}.Release|Any CPU.ActiveCfg = Release|Any CPU
		{5889FB78-573C-4794-AA5C-EF304CCC7FC5}.Release|Any CPU.Build.0 = Release|Any CPU
		{5889FB78-573C-4794-AA5C-EF304CCC7FC5}.Release|ARM.ActiveCfg = Release|Any CPU
		{5889FB78-573C-4794-AA5C-EF304CCC7FC5}.Release|ARM.Build.0 = Release|Any CPU
		{5889FB78-573C-4794-AA5C-EF304CCC7FC5}.Release|x64.ActiveCfg = Release|Any CPU
		{5889FB78-573C-4794-AA5C-EF304CCC7FC5}.Release|x64.Build.0 = Release|Any CPU
		{5889FB78-573C-4794-AA5C-EF304CCC7FC5}.Release|x86.ActiveCfg = Release|Any CPU
		{5889FB78-573C-4794-AA5C-EF304CCC7FC5}.Release|x86.Build.0 = Release|Any CPU
		{42D33047-8D75-45D8-8EA4-3740533D5EF9}.Debug|Any CPU.ActiveCfg = Debug|Any CPU
		{42D33047-8D75-45D8-8EA4-3740533D5EF9}.Debug|Any CPU.Build.0 = Debug|Any CPU
		{42D33047-8D75-45D8-8EA4-3740533D5EF9}.Debug|ARM.ActiveCfg = Debug|Any CPU
		{42D33047-8D75-45D8-8EA4-3740533D5EF9}.Debug|ARM.Build.0 = Debug|Any CPU
		{42D33047-8D75-45D8-8EA4-3740533D5EF9}.Debug|x64.ActiveCfg = Debug|Any CPU
		{42D33047-8D75-45D8-8EA4-3740533D5EF9}.Debug|x64.Build.0 = Debug|Any CPU
		{42D33047-8D75-45D8-8EA4-3740533D5EF9}.Debug|x86.ActiveCfg = Debug|Any CPU
		{42D33047-8D75-45D8-8EA4-3740533D5EF9}.Debug|x86.Build.0 = Debug|Any CPU
		{42D33047-8D75-45D8-8EA4-3740533D5EF9}.Release|Any CPU.ActiveCfg = Release|Any CPU
		{42D33047-8D75-45D8-8EA4-3740533D5EF9}.Release|Any CPU.Build.0 = Release|Any CPU
		{42D33047-8D75-45D8-8EA4-3740533D5EF9}.Release|ARM.ActiveCfg = Release|Any CPU
		{42D33047-8D75-45D8-8EA4-3740533D5EF9}.Release|ARM.Build.0 = Release|Any CPU
		{42D33047-8D75-45D8-8EA4-3740533D5EF9}.Release|x64.ActiveCfg = Release|Any CPU
		{42D33047-8D75-45D8-8EA4-3740533D5EF9}.Release|x64.Build.0 = Release|Any CPU
		{42D33047-8D75-45D8-8EA4-3740533D5EF9}.Release|x86.ActiveCfg = Release|Any CPU
		{42D33047-8D75-45D8-8EA4-3740533D5EF9}.Release|x86.Build.0 = Release|Any CPU
		{D84F5CBB-DCD6-4027-9F44-E33572815564}.Debug|Any CPU.ActiveCfg = Debug|Any CPU
		{D84F5CBB-DCD6-4027-9F44-E33572815564}.Debug|Any CPU.Build.0 = Debug|Any CPU
		{D84F5CBB-DCD6-4027-9F44-E33572815564}.Debug|ARM.ActiveCfg = Debug|Any CPU
		{D84F5CBB-DCD6-4027-9F44-E33572815564}.Debug|ARM.Build.0 = Debug|Any CPU
		{D84F5CBB-DCD6-4027-9F44-E33572815564}.Debug|x64.ActiveCfg = Debug|Any CPU
		{D84F5CBB-DCD6-4027-9F44-E33572815564}.Debug|x64.Build.0 = Debug|Any CPU
		{D84F5CBB-DCD6-4027-9F44-E33572815564}.Debug|x86.ActiveCfg = Debug|Any CPU
		{D84F5CBB-DCD6-4027-9F44-E33572815564}.Debug|x86.Build.0 = Debug|Any CPU
		{D84F5CBB-DCD6-4027-9F44-E33572815564}.Release|Any CPU.ActiveCfg = Release|Any CPU
		{D84F5CBB-DCD6-4027-9F44-E33572815564}.Release|Any CPU.Build.0 = Release|Any CPU
		{D84F5CBB-DCD6-4027-9F44-E33572815564}.Release|ARM.ActiveCfg = Release|Any CPU
		{D84F5CBB-DCD6-4027-9F44-E33572815564}.Release|ARM.Build.0 = Release|Any CPU
		{D84F5CBB-DCD6-4027-9F44-E33572815564}.Release|x64.ActiveCfg = Release|Any CPU
		{D84F5CBB-DCD6-4027-9F44-E33572815564}.Release|x64.Build.0 = Release|Any CPU
		{D84F5CBB-DCD6-4027-9F44-E33572815564}.Release|x86.ActiveCfg = Release|Any CPU
		{D84F5CBB-DCD6-4027-9F44-E33572815564}.Release|x86.Build.0 = Release|Any CPU
		{5C87570E-BC6F-47FB-9C24-D49149E3AB1F}.Debug|Any CPU.ActiveCfg = Debug|Any CPU
		{5C87570E-BC6F-47FB-9C24-D49149E3AB1F}.Debug|Any CPU.Build.0 = Debug|Any CPU
		{5C87570E-BC6F-47FB-9C24-D49149E3AB1F}.Debug|ARM.ActiveCfg = Debug|Any CPU
		{5C87570E-BC6F-47FB-9C24-D49149E3AB1F}.Debug|ARM.Build.0 = Debug|Any CPU
		{5C87570E-BC6F-47FB-9C24-D49149E3AB1F}.Debug|x64.ActiveCfg = Debug|Any CPU
		{5C87570E-BC6F-47FB-9C24-D49149E3AB1F}.Debug|x64.Build.0 = Debug|Any CPU
		{5C87570E-BC6F-47FB-9C24-D49149E3AB1F}.Debug|x86.ActiveCfg = Debug|Any CPU
		{5C87570E-BC6F-47FB-9C24-D49149E3AB1F}.Debug|x86.Build.0 = Debug|Any CPU
		{5C87570E-BC6F-47FB-9C24-D49149E3AB1F}.Release|Any CPU.ActiveCfg = Release|Any CPU
		{5C87570E-BC6F-47FB-9C24-D49149E3AB1F}.Release|Any CPU.Build.0 = Release|Any CPU
		{5C87570E-BC6F-47FB-9C24-D49149E3AB1F}.Release|ARM.ActiveCfg = Release|Any CPU
		{5C87570E-BC6F-47FB-9C24-D49149E3AB1F}.Release|ARM.Build.0 = Release|Any CPU
		{5C87570E-BC6F-47FB-9C24-D49149E3AB1F}.Release|x64.ActiveCfg = Release|Any CPU
		{5C87570E-BC6F-47FB-9C24-D49149E3AB1F}.Release|x64.Build.0 = Release|Any CPU
		{5C87570E-BC6F-47FB-9C24-D49149E3AB1F}.Release|x86.ActiveCfg = Release|Any CPU
		{5C87570E-BC6F-47FB-9C24-D49149E3AB1F}.Release|x86.Build.0 = Release|Any CPU
		{C615FE17-D5A4-47EA-84A3-92F8D1C2BD35}.Debug|Any CPU.ActiveCfg = Debug|Any CPU
		{C615FE17-D5A4-47EA-84A3-92F8D1C2BD35}.Debug|Any CPU.Build.0 = Debug|Any CPU
		{C615FE17-D5A4-47EA-84A3-92F8D1C2BD35}.Debug|ARM.ActiveCfg = Debug|Any CPU
		{C615FE17-D5A4-47EA-84A3-92F8D1C2BD35}.Debug|ARM.Build.0 = Debug|Any CPU
		{C615FE17-D5A4-47EA-84A3-92F8D1C2BD35}.Debug|x64.ActiveCfg = Debug|Any CPU
		{C615FE17-D5A4-47EA-84A3-92F8D1C2BD35}.Debug|x64.Build.0 = Debug|Any CPU
		{C615FE17-D5A4-47EA-84A3-92F8D1C2BD35}.Debug|x86.ActiveCfg = Debug|Any CPU
		{C615FE17-D5A4-47EA-84A3-92F8D1C2BD35}.Debug|x86.Build.0 = Debug|Any CPU
		{C615FE17-D5A4-47EA-84A3-92F8D1C2BD35}.Release|Any CPU.ActiveCfg = Release|Any CPU
		{C615FE17-D5A4-47EA-84A3-92F8D1C2BD35}.Release|Any CPU.Build.0 = Release|Any CPU
		{C615FE17-D5A4-47EA-84A3-92F8D1C2BD35}.Release|ARM.ActiveCfg = Release|Any CPU
		{C615FE17-D5A4-47EA-84A3-92F8D1C2BD35}.Release|ARM.Build.0 = Release|Any CPU
		{C615FE17-D5A4-47EA-84A3-92F8D1C2BD35}.Release|x64.ActiveCfg = Release|Any CPU
		{C615FE17-D5A4-47EA-84A3-92F8D1C2BD35}.Release|x64.Build.0 = Release|Any CPU
		{C615FE17-D5A4-47EA-84A3-92F8D1C2BD35}.Release|x86.ActiveCfg = Release|Any CPU
		{C615FE17-D5A4-47EA-84A3-92F8D1C2BD35}.Release|x86.Build.0 = Release|Any CPU
		{11691FEC-577C-468F-AD18-0E4496819411}.Debug|Any CPU.ActiveCfg = Debug|Any CPU
		{11691FEC-577C-468F-AD18-0E4496819411}.Debug|Any CPU.Build.0 = Debug|Any CPU
		{11691FEC-577C-468F-AD18-0E4496819411}.Debug|ARM.ActiveCfg = Debug|Any CPU
		{11691FEC-577C-468F-AD18-0E4496819411}.Debug|ARM.Build.0 = Debug|Any CPU
		{11691FEC-577C-468F-AD18-0E4496819411}.Debug|x64.ActiveCfg = Debug|Any CPU
		{11691FEC-577C-468F-AD18-0E4496819411}.Debug|x64.Build.0 = Debug|Any CPU
		{11691FEC-577C-468F-AD18-0E4496819411}.Debug|x86.ActiveCfg = Debug|Any CPU
		{11691FEC-577C-468F-AD18-0E4496819411}.Debug|x86.Build.0 = Debug|Any CPU
		{11691FEC-577C-468F-AD18-0E4496819411}.Release|Any CPU.ActiveCfg = Release|Any CPU
		{11691FEC-577C-468F-AD18-0E4496819411}.Release|Any CPU.Build.0 = Release|Any CPU
		{11691FEC-577C-468F-AD18-0E4496819411}.Release|ARM.ActiveCfg = Release|Any CPU
		{11691FEC-577C-468F-AD18-0E4496819411}.Release|ARM.Build.0 = Release|Any CPU
		{11691FEC-577C-468F-AD18-0E4496819411}.Release|x64.ActiveCfg = Release|Any CPU
		{11691FEC-577C-468F-AD18-0E4496819411}.Release|x64.Build.0 = Release|Any CPU
		{11691FEC-577C-468F-AD18-0E4496819411}.Release|x86.ActiveCfg = Release|Any CPU
		{11691FEC-577C-468F-AD18-0E4496819411}.Release|x86.Build.0 = Release|Any CPU
		{726B29C4-D0F6-43DB-AD7D-90FCBA1A1120}.Debug|Any CPU.ActiveCfg = Debug|Any CPU
		{726B29C4-D0F6-43DB-AD7D-90FCBA1A1120}.Debug|Any CPU.Build.0 = Debug|Any CPU
		{726B29C4-D0F6-43DB-AD7D-90FCBA1A1120}.Debug|ARM.ActiveCfg = Debug|Any CPU
		{726B29C4-D0F6-43DB-AD7D-90FCBA1A1120}.Debug|ARM.Build.0 = Debug|Any CPU
		{726B29C4-D0F6-43DB-AD7D-90FCBA1A1120}.Debug|x64.ActiveCfg = Debug|Any CPU
		{726B29C4-D0F6-43DB-AD7D-90FCBA1A1120}.Debug|x64.Build.0 = Debug|Any CPU
		{726B29C4-D0F6-43DB-AD7D-90FCBA1A1120}.Debug|x86.ActiveCfg = Debug|Any CPU
		{726B29C4-D0F6-43DB-AD7D-90FCBA1A1120}.Debug|x86.Build.0 = Debug|Any CPU
		{726B29C4-D0F6-43DB-AD7D-90FCBA1A1120}.Release|Any CPU.ActiveCfg = Release|Any CPU
		{726B29C4-D0F6-43DB-AD7D-90FCBA1A1120}.Release|Any CPU.Build.0 = Release|Any CPU
		{726B29C4-D0F6-43DB-AD7D-90FCBA1A1120}.Release|ARM.ActiveCfg = Release|Any CPU
		{726B29C4-D0F6-43DB-AD7D-90FCBA1A1120}.Release|ARM.Build.0 = Release|Any CPU
		{726B29C4-D0F6-43DB-AD7D-90FCBA1A1120}.Release|x64.ActiveCfg = Release|Any CPU
		{726B29C4-D0F6-43DB-AD7D-90FCBA1A1120}.Release|x64.Build.0 = Release|Any CPU
		{726B29C4-D0F6-43DB-AD7D-90FCBA1A1120}.Release|x86.ActiveCfg = Release|Any CPU
		{726B29C4-D0F6-43DB-AD7D-90FCBA1A1120}.Release|x86.Build.0 = Release|Any CPU
		{A0B284B0-88B1-45AA-B32B-B3B05FEFD615}.Debug|Any CPU.ActiveCfg = Debug|Any CPU
		{A0B284B0-88B1-45AA-B32B-B3B05FEFD615}.Debug|Any CPU.Build.0 = Debug|Any CPU
		{A0B284B0-88B1-45AA-B32B-B3B05FEFD615}.Debug|ARM.ActiveCfg = Debug|Any CPU
		{A0B284B0-88B1-45AA-B32B-B3B05FEFD615}.Debug|ARM.Build.0 = Debug|Any CPU
		{A0B284B0-88B1-45AA-B32B-B3B05FEFD615}.Debug|x64.ActiveCfg = Debug|Any CPU
		{A0B284B0-88B1-45AA-B32B-B3B05FEFD615}.Debug|x64.Build.0 = Debug|Any CPU
		{A0B284B0-88B1-45AA-B32B-B3B05FEFD615}.Debug|x86.ActiveCfg = Debug|Any CPU
		{A0B284B0-88B1-45AA-B32B-B3B05FEFD615}.Debug|x86.Build.0 = Debug|Any CPU
		{A0B284B0-88B1-45AA-B32B-B3B05FEFD615}.Release|Any CPU.ActiveCfg = Release|Any CPU
		{A0B284B0-88B1-45AA-B32B-B3B05FEFD615}.Release|Any CPU.Build.0 = Release|Any CPU
		{A0B284B0-88B1-45AA-B32B-B3B05FEFD615}.Release|ARM.ActiveCfg = Release|Any CPU
		{A0B284B0-88B1-45AA-B32B-B3B05FEFD615}.Release|ARM.Build.0 = Release|Any CPU
		{A0B284B0-88B1-45AA-B32B-B3B05FEFD615}.Release|x64.ActiveCfg = Release|Any CPU
		{A0B284B0-88B1-45AA-B32B-B3B05FEFD615}.Release|x64.Build.0 = Release|Any CPU
		{A0B284B0-88B1-45AA-B32B-B3B05FEFD615}.Release|x86.ActiveCfg = Release|Any CPU
		{A0B284B0-88B1-45AA-B32B-B3B05FEFD615}.Release|x86.Build.0 = Release|Any CPU
		{D05F9A4D-99EE-434D-BB15-410698DC3035}.Debug|Any CPU.ActiveCfg = Debug|Any CPU
		{D05F9A4D-99EE-434D-BB15-410698DC3035}.Debug|Any CPU.Build.0 = Debug|Any CPU
		{D05F9A4D-99EE-434D-BB15-410698DC3035}.Debug|ARM.ActiveCfg = Debug|Any CPU
		{D05F9A4D-99EE-434D-BB15-410698DC3035}.Debug|ARM.Build.0 = Debug|Any CPU
		{D05F9A4D-99EE-434D-BB15-410698DC3035}.Debug|x64.ActiveCfg = Debug|Any CPU
		{D05F9A4D-99EE-434D-BB15-410698DC3035}.Debug|x64.Build.0 = Debug|Any CPU
		{D05F9A4D-99EE-434D-BB15-410698DC3035}.Debug|x86.ActiveCfg = Debug|Any CPU
		{D05F9A4D-99EE-434D-BB15-410698DC3035}.Debug|x86.Build.0 = Debug|Any CPU
		{D05F9A4D-99EE-434D-BB15-410698DC3035}.Release|Any CPU.ActiveCfg = Release|Any CPU
		{D05F9A4D-99EE-434D-BB15-410698DC3035}.Release|Any CPU.Build.0 = Release|Any CPU
		{D05F9A4D-99EE-434D-BB15-410698DC3035}.Release|ARM.ActiveCfg = Release|Any CPU
		{D05F9A4D-99EE-434D-BB15-410698DC3035}.Release|ARM.Build.0 = Release|Any CPU
		{D05F9A4D-99EE-434D-BB15-410698DC3035}.Release|x64.ActiveCfg = Release|Any CPU
		{D05F9A4D-99EE-434D-BB15-410698DC3035}.Release|x64.Build.0 = Release|Any CPU
		{D05F9A4D-99EE-434D-BB15-410698DC3035}.Release|x86.ActiveCfg = Release|Any CPU
		{D05F9A4D-99EE-434D-BB15-410698DC3035}.Release|x86.Build.0 = Release|Any CPU
		{A5B4976A-CDD4-4CCB-8C73-A83E31ED0AEF}.Debug|Any CPU.ActiveCfg = Debug|Any CPU
		{A5B4976A-CDD4-4CCB-8C73-A83E31ED0AEF}.Debug|Any CPU.Build.0 = Debug|Any CPU
		{A5B4976A-CDD4-4CCB-8C73-A83E31ED0AEF}.Debug|ARM.ActiveCfg = Debug|Any CPU
		{A5B4976A-CDD4-4CCB-8C73-A83E31ED0AEF}.Debug|ARM.Build.0 = Debug|Any CPU
		{A5B4976A-CDD4-4CCB-8C73-A83E31ED0AEF}.Debug|x64.ActiveCfg = Debug|Any CPU
		{A5B4976A-CDD4-4CCB-8C73-A83E31ED0AEF}.Debug|x64.Build.0 = Debug|Any CPU
		{A5B4976A-CDD4-4CCB-8C73-A83E31ED0AEF}.Debug|x86.ActiveCfg = Debug|Any CPU
		{A5B4976A-CDD4-4CCB-8C73-A83E31ED0AEF}.Debug|x86.Build.0 = Debug|Any CPU
		{A5B4976A-CDD4-4CCB-8C73-A83E31ED0AEF}.Release|Any CPU.ActiveCfg = Release|Any CPU
		{A5B4976A-CDD4-4CCB-8C73-A83E31ED0AEF}.Release|Any CPU.Build.0 = Release|Any CPU
		{A5B4976A-CDD4-4CCB-8C73-A83E31ED0AEF}.Release|ARM.ActiveCfg = Release|Any CPU
		{A5B4976A-CDD4-4CCB-8C73-A83E31ED0AEF}.Release|ARM.Build.0 = Release|Any CPU
		{A5B4976A-CDD4-4CCB-8C73-A83E31ED0AEF}.Release|x64.ActiveCfg = Release|Any CPU
		{A5B4976A-CDD4-4CCB-8C73-A83E31ED0AEF}.Release|x64.Build.0 = Release|Any CPU
		{A5B4976A-CDD4-4CCB-8C73-A83E31ED0AEF}.Release|x86.ActiveCfg = Release|Any CPU
		{A5B4976A-CDD4-4CCB-8C73-A83E31ED0AEF}.Release|x86.Build.0 = Release|Any CPU
		{19DEBDE2-CBD0-47AF-943A-FE442B809D9A}.Debug|Any CPU.ActiveCfg = Debug|Any CPU
		{19DEBDE2-CBD0-47AF-943A-FE442B809D9A}.Debug|Any CPU.Build.0 = Debug|Any CPU
		{19DEBDE2-CBD0-47AF-943A-FE442B809D9A}.Debug|ARM.ActiveCfg = Debug|Any CPU
		{19DEBDE2-CBD0-47AF-943A-FE442B809D9A}.Debug|ARM.Build.0 = Debug|Any CPU
		{19DEBDE2-CBD0-47AF-943A-FE442B809D9A}.Debug|x64.ActiveCfg = Debug|Any CPU
		{19DEBDE2-CBD0-47AF-943A-FE442B809D9A}.Debug|x64.Build.0 = Debug|Any CPU
		{19DEBDE2-CBD0-47AF-943A-FE442B809D9A}.Debug|x86.ActiveCfg = Debug|Any CPU
		{19DEBDE2-CBD0-47AF-943A-FE442B809D9A}.Debug|x86.Build.0 = Debug|Any CPU
		{19DEBDE2-CBD0-47AF-943A-FE442B809D9A}.Release|Any CPU.ActiveCfg = Release|Any CPU
		{19DEBDE2-CBD0-47AF-943A-FE442B809D9A}.Release|Any CPU.Build.0 = Release|Any CPU
		{19DEBDE2-CBD0-47AF-943A-FE442B809D9A}.Release|ARM.ActiveCfg = Release|Any CPU
		{19DEBDE2-CBD0-47AF-943A-FE442B809D9A}.Release|ARM.Build.0 = Release|Any CPU
		{19DEBDE2-CBD0-47AF-943A-FE442B809D9A}.Release|x64.ActiveCfg = Release|Any CPU
		{19DEBDE2-CBD0-47AF-943A-FE442B809D9A}.Release|x64.Build.0 = Release|Any CPU
		{19DEBDE2-CBD0-47AF-943A-FE442B809D9A}.Release|x86.ActiveCfg = Release|Any CPU
		{19DEBDE2-CBD0-47AF-943A-FE442B809D9A}.Release|x86.Build.0 = Release|Any CPU
	EndGlobalSection
	GlobalSection(SolutionProperties) = preSolution
		HideSolutionNode = FALSE
	EndGlobalSection
	GlobalSection(ExtensibilityGlobals) = postSolution
		SolutionGuid = {FD378929-346D-4F56-8353-D59B146C762E}
	EndGlobalSection
EndGlobal
