
Microsoft Visual Studio Solution File, Format Version 12.00
# Visual Studio Version 16
VisualStudioVersion = 16.0.29215.179
MinimumVisualStudioVersion = 10.0.40219.1
Project("{FAE04EC0-301F-11D3-BF4B-00C04F79EFBC}") = "Seecharp", "Seecharp.csproj", "{EEA0CE50-4E6C-4FFF-A593-25C88D7BDD72}"
EndProject
Global
	GlobalSection(SolutionConfigurationPlatforms) = preSolution
		Debug|Any CPU = Debug|Any CPU
		Release|Any CPU = Release|Any CPU
	EndGlobalSection
	GlobalSection(ProjectConfigurationPlatforms) = postSolution
		{EEA0CE50-4E6C-4FFF-A593-25C88D7BDD72}.Debug|Any CPU.ActiveCfg = Debug|Any CPU
		{EEA0CE50-4E6C-4FFF-A593-25C88D7BDD72}.Debug|Any CPU.Build.0 = Debug|Any CPU
		{EEA0CE50-4E6C-4FFF-A593-25C88D7BDD72}.Release|Any CPU.ActiveCfg = Release|Any CPU
		{EEA0CE50-4E6C-4FFF-A593-25C88D7BDD72}.Release|Any CPU.Build.0 = Release|Any CPU
	EndGlobalSection
	GlobalSection(SolutionProperties) = preSolution
		HideSolutionNode = FALSE
	EndGlobalSection
	GlobalSection(ExtensibilityGlobals) = postSolution
		SolutionGuid = {9AFA1BF6-47DC-4DD7-BA3E-6F90D0DB49D4}
	EndGlobalSection
EndGlobal
